// !$*UTF8*$!
{
	archiveVersion = 1;
	classes = {
	};
	objectVersion = 46;
	objects = {

/* Begin PBXBuildFile section */
		4E1B2D8217FA4851007F6FC5 /* ChooseAccountViewController.m in Sources */ = {isa = PBXBuildFile; fileRef = 4E1B2D8117FA4814007F6FC5 /* ChooseAccountViewController.m */; };
		4E1B2D8517FA562E007F6FC5 /* OneTimeAddCardViewController.m in Sources */ = {isa = PBXBuildFile; fileRef = 4E1B2D8417FA561C007F6FC5 /* OneTimeAddCardViewController.m */; };
		4E1B2D8817FA5719007F6FC5 /* PaymentController.m in Sources */ = {isa = PBXBuildFile; fileRef = 4E1B2D8717FA56BD007F6FC5 /* PaymentController.m */; };
		4E1B2D8E17FA7E30007F6FC5 /* BorderedView.m in Sources */ = {isa = PBXBuildFile; fileRef = 4E1B2D8D17FA7E21007F6FC5 /* BorderedView.m */; };
		4E1B2D9117FA7EEE007F6FC5 /* BorderedCell.m in Sources */ = {isa = PBXBuildFile; fileRef = 4E1B2D9017FA7EB4007F6FC5 /* BorderedCell.m */; };
		4E33331E17F6227B00588AB9 /* printer-feed-paper.png in Resources */ = {isa = PBXBuildFile; fileRef = 4E33331D17F621CF00588AB9 /* printer-feed-paper.png */; };
		4E33331F17F6227B00588AB9 /* printer-feed-hole.png in Resources */ = {isa = PBXBuildFile; fileRef = 4E33331C17F620F200588AB9 /* printer-feed-hole.png */; };
		4E33332417F707EA00588AB9 /* TertiaryViewController.m in Sources */ = {isa = PBXBuildFile; fileRef = 4E33332317F7071C00588AB9 /* TertiaryViewController.m */; };
		4E33332517F707F500588AB9 /* BillViewController.m in Sources */ = {isa = PBXBuildFile; fileRef = 4E33332117F7070000588AB9 /* BillViewController.m */; };
		4E33332F17F7270F00588AB9 /* Bill.m in Sources */ = {isa = PBXBuildFile; fileRef = 4E33332E17F725FE00588AB9 /* Bill.m */; };
		4E33333317F7735900588AB9 /* ViewUtil.m in Sources */ = {isa = PBXBuildFile; fileRef = 4E33333217F7731C00588AB9 /* ViewUtil.m */; };
		4E33333717F78AE800588AB9 /* PrimaryUIButton.m in Sources */ = {isa = PBXBuildFile; fileRef = 4E33333617F78AC800588AB9 /* PrimaryUIButton.m */; };
		4E33333B17F7920C00588AB9 /* SecondaryUIButton.m in Sources */ = {isa = PBXBuildFile; fileRef = 4E33333A17F7920C00588AB9 /* SecondaryUIButton.m */; };
		4E59072917FD051F00E4260D /* AccountAdapter.m in Sources */ = {isa = PBXBuildFile; fileRef = 4E59072817FD051F00E4260D /* AccountAdapter.m */; };
		4E59072C17FD056200E4260D /* ResponseAdapter.m in Sources */ = {isa = PBXBuildFile; fileRef = 4E59072B17FD056200E4260D /* ResponseAdapter.m */; };
		4E59073317FD303B00E4260D /* CryptoUtils.m in Sources */ = {isa = PBXBuildFile; fileRef = 4E59073217FD303B00E4260D /* CryptoUtils.m */; };
		4E59073617FDB25000E4260D /* SessionController.m in Sources */ = {isa = PBXBuildFile; fileRef = 4E59073517FDB25000E4260D /* SessionController.m */; };
		4E59073D17FDCB6200E4260D /* NSString+URLEncoding.m in Sources */ = {isa = PBXBuildFile; fileRef = 4E59073C17FDCB6200E4260D /* NSString+URLEncoding.m */; };
		4E59074017FE5F2400E4260D /* Card.m in Sources */ = {isa = PBXBuildFile; fileRef = 4E59073F17FE5F2400E4260D /* Card.m */; };
		4E65BFA017FA80A2006934D4 /* CreateAccountViewController.m in Sources */ = {isa = PBXBuildFile; fileRef = 4E65BF9F17FA8089006934D4 /* CreateAccountViewController.m */; };
		4E9349B91802481800809324 /* button-1.png in Resources */ = {isa = PBXBuildFile; fileRef = 4E9349B81802481800809324 /* button-1.png */; };
		4E9349BC18024C4400809324 /* p-icon@2x.png in Resources */ = {isa = PBXBuildFile; fileRef = 4E9349BA18024C4400809324 /* p-icon@2x.png */; };
		4E9349BD18024C4400809324 /* p-icon.png in Resources */ = {isa = PBXBuildFile; fileRef = 4E9349BB18024C4400809324 /* p-icon.png */; };
		4E9349BF180260A200809324 /* bg-purple-1.png in Resources */ = {isa = PBXBuildFile; fileRef = 4E9349BE180260A200809324 /* bg-purple-1.png */; };
		4E94FE6817EEA1F80082BE7F /* Foundation.framework in Frameworks */ = {isa = PBXBuildFile; fileRef = 4E94FE6717EEA1F80082BE7F /* Foundation.framework */; };
		4E94FE6A17EEA1F80082BE7F /* CoreGraphics.framework in Frameworks */ = {isa = PBXBuildFile; fileRef = 4E94FE6917EEA1F80082BE7F /* CoreGraphics.framework */; };
		4E94FE6C17EEA1F80082BE7F /* UIKit.framework in Frameworks */ = {isa = PBXBuildFile; fileRef = 4E94FE6B17EEA1F80082BE7F /* UIKit.framework */; };
		4E94FE7217EEA1F80082BE7F /* InfoPlist.strings in Resources */ = {isa = PBXBuildFile; fileRef = 4E94FE7017EEA1F80082BE7F /* InfoPlist.strings */; };
		4E94FE7417EEA1F80082BE7F /* main.m in Sources */ = {isa = PBXBuildFile; fileRef = 4E94FE7317EEA1F80082BE7F /* main.m */; };
		4E94FE7817EEA1F80082BE7F /* AppDelegate.m in Sources */ = {isa = PBXBuildFile; fileRef = 4E94FE7717EEA1F80082BE7F /* AppDelegate.m */; };
		4E94FE7B17EEA1F80082BE7F /* Main.storyboard in Resources */ = {isa = PBXBuildFile; fileRef = 4E94FE7917EEA1F80082BE7F /* Main.storyboard */; };
		4E94FE7E17EEA1F80082BE7F /* FirstViewController.m in Sources */ = {isa = PBXBuildFile; fileRef = 4E94FE7D17EEA1F80082BE7F /* FirstViewController.m */; };
		4E94FE8317EEA1F80082BE7F /* Images.xcassets in Resources */ = {isa = PBXBuildFile; fileRef = 4E94FE8217EEA1F80082BE7F /* Images.xcassets */; };
		4E94FE8A17EEA1F80082BE7F /* XCTest.framework in Frameworks */ = {isa = PBXBuildFile; fileRef = 4E94FE8917EEA1F80082BE7F /* XCTest.framework */; };
		4E94FE8B17EEA1F80082BE7F /* Foundation.framework in Frameworks */ = {isa = PBXBuildFile; fileRef = 4E94FE6717EEA1F80082BE7F /* Foundation.framework */; };
		4E94FE8C17EEA1F80082BE7F /* UIKit.framework in Frameworks */ = {isa = PBXBuildFile; fileRef = 4E94FE6B17EEA1F80082BE7F /* UIKit.framework */; };
		4E94FE9417EEA1F80082BE7F /* InfoPlist.strings in Resources */ = {isa = PBXBuildFile; fileRef = 4E94FE9217EEA1F80082BE7F /* InfoPlist.strings */; };
		4E94FE9617EEA1F80082BE7F /* OandBTests.m in Sources */ = {isa = PBXBuildFile; fileRef = 4E94FE9517EEA1F80082BE7F /* OandBTests.m */; };
		4E94FEFD17EEA2040082BE7F /* STPCard.m in Sources */ = {isa = PBXBuildFile; fileRef = 4E94FEA117EEA2040082BE7F /* STPCard.m */; };
		4E94FEFE17EEA2040082BE7F /* STPToken.m in Sources */ = {isa = PBXBuildFile; fileRef = 4E94FEA317EEA2040082BE7F /* STPToken.m */; };
		4E94FEFF17EEA2040082BE7F /* STPView.m in Sources */ = {isa = PBXBuildFile; fileRef = 4E94FEA517EEA2040082BE7F /* STPView.m */; };
		4E94FF0017EEA2040082BE7F /* Stripe.m in Sources */ = {isa = PBXBuildFile; fileRef = 4E94FEA817EEA2040082BE7F /* Stripe.m */; };
		4E94FF0117EEA2040082BE7F /* StripeError.m in Sources */ = {isa = PBXBuildFile; fileRef = 4E94FEAA17EEA2040082BE7F /* StripeError.m */; };
		4E94FF0217EEA2040082BE7F /* .gitignore in Resources */ = {isa = PBXBuildFile; fileRef = 4E94FEAD17EEA2040082BE7F /* .gitignore */; };
		4E94FF0317EEA2040082BE7F /* LICENSE in Resources */ = {isa = PBXBuildFile; fileRef = 4E94FEAE17EEA2040082BE7F /* LICENSE */; };
		4E94FF0417EEA2040082BE7F /* PKAddressZip.m in Sources */ = {isa = PBXBuildFile; fileRef = 4E94FEB117EEA2040082BE7F /* PKAddressZip.m */; };
		4E94FF0517EEA2040082BE7F /* PKCard.m in Sources */ = {isa = PBXBuildFile; fileRef = 4E94FEB317EEA2040082BE7F /* PKCard.m */; };
		4E94FF0617EEA2040082BE7F /* PKCardCVC.m in Sources */ = {isa = PBXBuildFile; fileRef = 4E94FEB517EEA2040082BE7F /* PKCardCVC.m */; };
		4E94FF0717EEA2040082BE7F /* PKCardExpiry.m in Sources */ = {isa = PBXBuildFile; fileRef = 4E94FEB717EEA2040082BE7F /* PKCardExpiry.m */; };
		4E94FF0817EEA2040082BE7F /* PKCardNumber.m in Sources */ = {isa = PBXBuildFile; fileRef = 4E94FEB917EEA2040082BE7F /* PKCardNumber.m */; };
		4E94FF0917EEA2040082BE7F /* PKTextField.m in Sources */ = {isa = PBXBuildFile; fileRef = 4E94FEBC17EEA2040082BE7F /* PKTextField.m */; };
		4E94FF0A17EEA2040082BE7F /* PKUSAddressZip.m in Sources */ = {isa = PBXBuildFile; fileRef = 4E94FEBE17EEA2040082BE7F /* PKUSAddressZip.m */; };
		4E94FF0B17EEA2040082BE7F /* PKView.m in Sources */ = {isa = PBXBuildFile; fileRef = 4E94FEC017EEA2040082BE7F /* PKView.m */; };
		4E94FF0C17EEA2040082BE7F /* amex.png in Resources */ = {isa = PBXBuildFile; fileRef = 4E94FEC317EEA2040082BE7F /* amex.png */; };
		4E94FF0D17EEA2040082BE7F /* amex@2x.png in Resources */ = {isa = PBXBuildFile; fileRef = 4E94FEC417EEA2040082BE7F /* amex@2x.png */; };
		4E94FF0E17EEA2040082BE7F /* cvc-amex.png in Resources */ = {isa = PBXBuildFile; fileRef = 4E94FEC517EEA2040082BE7F /* cvc-amex.png */; };
		4E94FF0F17EEA2040082BE7F /* cvc-amex@2x.png in Resources */ = {isa = PBXBuildFile; fileRef = 4E94FEC617EEA2040082BE7F /* cvc-amex@2x.png */; };
		4E94FF1017EEA2040082BE7F /* cvc.png in Resources */ = {isa = PBXBuildFile; fileRef = 4E94FEC717EEA2040082BE7F /* cvc.png */; };
		4E94FF1117EEA2040082BE7F /* cvc@2x.png in Resources */ = {isa = PBXBuildFile; fileRef = 4E94FEC817EEA2040082BE7F /* cvc@2x.png */; };
		4E94FF1217EEA2040082BE7F /* diners.png in Resources */ = {isa = PBXBuildFile; fileRef = 4E94FEC917EEA2040082BE7F /* diners.png */; };
		4E94FF1317EEA2040082BE7F /* diners@2x.png in Resources */ = {isa = PBXBuildFile; fileRef = 4E94FECA17EEA2040082BE7F /* diners@2x.png */; };
		4E94FF1417EEA2040082BE7F /* discover.png in Resources */ = {isa = PBXBuildFile; fileRef = 4E94FECB17EEA2040082BE7F /* discover.png */; };
		4E94FF1517EEA2040082BE7F /* discover@2x.png in Resources */ = {isa = PBXBuildFile; fileRef = 4E94FECC17EEA2040082BE7F /* discover@2x.png */; };
		4E94FF1617EEA2040082BE7F /* jcb.png in Resources */ = {isa = PBXBuildFile; fileRef = 4E94FECD17EEA2040082BE7F /* jcb.png */; };
		4E94FF1717EEA2040082BE7F /* jcb@2x.png in Resources */ = {isa = PBXBuildFile; fileRef = 4E94FECE17EEA2040082BE7F /* jcb@2x.png */; };
		4E94FF1817EEA2040082BE7F /* mastercard.png in Resources */ = {isa = PBXBuildFile; fileRef = 4E94FECF17EEA2040082BE7F /* mastercard.png */; };
		4E94FF1917EEA2040082BE7F /* mastercard@2x.png in Resources */ = {isa = PBXBuildFile; fileRef = 4E94FED017EEA2040082BE7F /* mastercard@2x.png */; };
		4E94FF1A17EEA2040082BE7F /* placeholder.png in Resources */ = {isa = PBXBuildFile; fileRef = 4E94FED117EEA2040082BE7F /* placeholder.png */; };
		4E94FF1B17EEA2040082BE7F /* placeholder@2x.png in Resources */ = {isa = PBXBuildFile; fileRef = 4E94FED217EEA2040082BE7F /* placeholder@2x.png */; };
		4E94FF1C17EEA2040082BE7F /* visa.png in Resources */ = {isa = PBXBuildFile; fileRef = 4E94FED317EEA2040082BE7F /* visa.png */; };
		4E94FF1D17EEA2040082BE7F /* visa@2x.png in Resources */ = {isa = PBXBuildFile; fileRef = 4E94FED417EEA2040082BE7F /* visa@2x.png */; };
		4E94FF1E17EEA2040082BE7F /* gradient@2x.png in Resources */ = {isa = PBXBuildFile; fileRef = 4E94FED517EEA2040082BE7F /* gradient@2x.png */; };
		4E94FF1F17EEA2040082BE7F /* textfield.png in Resources */ = {isa = PBXBuildFile; fileRef = 4E94FED617EEA2040082BE7F /* textfield.png */; };
		4E94FF2017EEA2040082BE7F /* textfield@2x.png in Resources */ = {isa = PBXBuildFile; fileRef = 4E94FED717EEA2040082BE7F /* textfield@2x.png */; };
		4E94FF3217EEA2040082BE7F /* PaymentKit.podspec in Resources */ = {isa = PBXBuildFile; fileRef = 4E94FEFB17EEA2040082BE7F /* PaymentKit.podspec */; };
		4E94FF3317EEA2040082BE7F /* README.md in Resources */ = {isa = PBXBuildFile; fileRef = 4E94FEFC17EEA2040082BE7F /* README.md */; };
		4E94FF3B17EEA2BD0082BE7F /* QuartzCore.framework in Frameworks */ = {isa = PBXBuildFile; fileRef = 4E94FF3A17EEA2BD0082BE7F /* QuartzCore.framework */; };
		4E94FF3D17EEB95F0082BE7F /* ob-logo.png in Resources */ = {isa = PBXBuildFile; fileRef = 4E94FF3C17EEB95F0082BE7F /* ob-logo.png */; };
		4EA9E30A17F800BE0063B66C /* AddCardViewController.m in Sources */ = {isa = PBXBuildFile; fileRef = 4EA9E30917F800630063B66C /* AddCardViewController.m */; };
		4EA9E30D17F877E50063B66C /* Checkout.m in Sources */ = {isa = PBXBuildFile; fileRef = 4EA9E30C17F8773B0063B66C /* Checkout.m */; };
		4EA9E31017F87E220063B66C /* ConfirmViewController.m in Sources */ = {isa = PBXBuildFile; fileRef = 4EA9E30F17F87DD70063B66C /* ConfirmViewController.m */; };
		4EA9E31317F883DC0063B66C /* RoundedTextView.m in Sources */ = {isa = PBXBuildFile; fileRef = 4EA9E31217F883AB0063B66C /* RoundedTextView.m */; };
		4EA9E31617F892EB0063B66C /* ProcessPaymentViewController.m in Sources */ = {isa = PBXBuildFile; fileRef = 4EA9E31517F892DA0063B66C /* ProcessPaymentViewController.m */; };
		4EACF2B417F7977D003601C1 /* CardController.m in Sources */ = {isa = PBXBuildFile; fileRef = 4EACF2B317F79745003601C1 /* CardController.m */; };
		4EACF2BC17F79A71003601C1 /* ChoosePaymentViewController.m in Sources */ = {isa = PBXBuildFile; fileRef = 4EACF2BB17F79A1E003601C1 /* ChoosePaymentViewController.m */; };
		4EC26B3C17F5D819007BCF38 /* tabbarbg.png in Resources */ = {isa = PBXBuildFile; fileRef = 4EC26B3B17F5D819007BCF38 /* tabbarbg.png */; };
		4EC26B4117F5DA30007BCF38 /* Colors.m in Sources */ = {isa = PBXBuildFile; fileRef = 4EC26B3E17F5D91D007BCF38 /* Colors.m */; };
		4EC26B4517F5DB75007BCF38 /* PrimaryViewController.m in Sources */ = {isa = PBXBuildFile; fileRef = 4EC26B4417F5DB25007BCF38 /* PrimaryViewController.m */; };
		4EC26B4817F5DCA9007BCF38 /* SecondaryViewController.m in Sources */ = {isa = PBXBuildFile; fileRef = 4EC26B4717F5DC76007BCF38 /* SecondaryViewController.m */; };
		4EC26B5B17F5E452007BCF38 /* purple.png in Resources */ = {isa = PBXBuildFile; fileRef = 4EC26B5A17F5E452007BCF38 /* purple.png */; };
		4EC26B5C17F5E7CD007BCF38 /* PayLaunchViewController.m in Sources */ = {isa = PBXBuildFile; fileRef = 4EC26B4A17F5DE2B007BCF38 /* PayLaunchViewController.m */; };
		4EC26B5F17F5EA2E007BCF38 /* search.png in Resources */ = {isa = PBXBuildFile; fileRef = 4EC26B5E17F5EA2E007BCF38 /* search.png */; };
		4EC26B6117F5EA48007BCF38 /* calculator.png in Resources */ = {isa = PBXBuildFile; fileRef = 4EC26B6017F5EA48007BCF38 /* calculator.png */; };
		4EC26B6417F5EB82007BCF38 /* search-icon.png in Resources */ = {isa = PBXBuildFile; fileRef = 4EC26B6217F5EB82007BCF38 /* search-icon.png */; };
		4EC26B6517F5EB82007BCF38 /* search-icon@2x.png in Resources */ = {isa = PBXBuildFile; fileRef = 4EC26B6317F5EB82007BCF38 /* search-icon@2x.png */; };
		4EC26B6817F5ECFA007BCF38 /* pay-icon.png in Resources */ = {isa = PBXBuildFile; fileRef = 4EC26B6617F5ECFA007BCF38 /* pay-icon.png */; };
		4EC26B6917F5ECFA007BCF38 /* pay-icon@2x.png in Resources */ = {isa = PBXBuildFile; fileRef = 4EC26B6717F5ECFA007BCF38 /* pay-icon@2x.png */; };
		4EC26B6F17F6157A007BCF38 /* purple-2.png in Resources */ = {isa = PBXBuildFile; fileRef = 4EC26B6E17F6157A007BCF38 /* purple-2.png */; };
		4EC4A38417FB64FF006A9B00 /* NetUtils.m in Sources */ = {isa = PBXBuildFile; fileRef = 4EC4A38317FB64FF006A9B00 /* NetUtils.m */; };
		4EDA5BE017EF3AFD007A1777 /* libzbar.a in Frameworks */ = {isa = PBXBuildFile; fileRef = 4EDA5BDA17EF3AFD007A1777 /* libzbar.a */; };
		4EDA5BE117EF3AFD007A1777 /* zbar-back.png in Resources */ = {isa = PBXBuildFile; fileRef = 4EDA5BDC17EF3AFD007A1777 /* zbar-back.png */; };
		4EDA5BE217EF3AFD007A1777 /* zbar-help.html in Resources */ = {isa = PBXBuildFile; fileRef = 4EDA5BDD17EF3AFD007A1777 /* zbar-help.html */; };
		4EDA5BE317EF3AFD007A1777 /* zbar-helpicons.png in Resources */ = {isa = PBXBuildFile; fileRef = 4EDA5BDE17EF3AFD007A1777 /* zbar-helpicons.png */; };
		4EDA5BE417EF3AFD007A1777 /* zbar-samples.png in Resources */ = {isa = PBXBuildFile; fileRef = 4EDA5BDF17EF3AFD007A1777 /* zbar-samples.png */; };
		4EDA5BE617EF3B3A007A1777 /* libiconv.dylib in Frameworks */ = {isa = PBXBuildFile; fileRef = 4EDA5BE517EF3B3A007A1777 /* libiconv.dylib */; };
		4EDA5BE817EF3B47007A1777 /* CoreMedia.framework in Frameworks */ = {isa = PBXBuildFile; fileRef = 4EDA5BE717EF3B47007A1777 /* CoreMedia.framework */; };
		4EDA5BEA17EF3B4E007A1777 /* CoreVideo.framework in Frameworks */ = {isa = PBXBuildFile; fileRef = 4EDA5BE917EF3B4E007A1777 /* CoreVideo.framework */; };
		4EDA5BEC17EF3B56007A1777 /* CoreAudio.framework in Frameworks */ = {isa = PBXBuildFile; fileRef = 4EDA5BEB17EF3B56007A1777 /* CoreAudio.framework */; };
		4EDA5BEE17EF3B60007A1777 /* AVFoundation.framework in Frameworks */ = {isa = PBXBuildFile; fileRef = 4EDA5BED17EF3B60007A1777 /* AVFoundation.framework */; };
/* End PBXBuildFile section */

/* Begin PBXContainerItemProxy section */
		4E94FE8D17EEA1F80082BE7F /* PBXContainerItemProxy */ = {
			isa = PBXContainerItemProxy;
			containerPortal = 4E94FE5C17EEA1F80082BE7F /* Project object */;
			proxyType = 1;
			remoteGlobalIDString = 4E94FE6317EEA1F80082BE7F;
			remoteInfo = OandB;
		};
/* End PBXContainerItemProxy section */

/* Begin PBXFileReference section */
		4E1B2D8017FA4814007F6FC5 /* ChooseAccountViewController.h */ = {isa = PBXFileReference; lastKnownFileType = sourcecode.c.h; path = ChooseAccountViewController.h; sourceTree = "<group>"; };
		4E1B2D8117FA4814007F6FC5 /* ChooseAccountViewController.m */ = {isa = PBXFileReference; lastKnownFileType = sourcecode.c.objc; path = ChooseAccountViewController.m; sourceTree = "<group>"; };
		4E1B2D8317FA561C007F6FC5 /* OneTimeAddCardViewController.h */ = {isa = PBXFileReference; lastKnownFileType = sourcecode.c.h; path = OneTimeAddCardViewController.h; sourceTree = "<group>"; };
		4E1B2D8417FA561C007F6FC5 /* OneTimeAddCardViewController.m */ = {isa = PBXFileReference; lastKnownFileType = sourcecode.c.objc; path = OneTimeAddCardViewController.m; sourceTree = "<group>"; };
		4E1B2D8617FA56BD007F6FC5 /* PaymentController.h */ = {isa = PBXFileReference; lastKnownFileType = sourcecode.c.h; path = PaymentController.h; sourceTree = "<group>"; };
		4E1B2D8717FA56BD007F6FC5 /* PaymentController.m */ = {isa = PBXFileReference; lastKnownFileType = sourcecode.c.objc; path = PaymentController.m; sourceTree = "<group>"; };
		4E1B2D8C17FA7E21007F6FC5 /* BorderedView.h */ = {isa = PBXFileReference; lastKnownFileType = sourcecode.c.h; path = BorderedView.h; sourceTree = "<group>"; };
		4E1B2D8D17FA7E21007F6FC5 /* BorderedView.m */ = {isa = PBXFileReference; lastKnownFileType = sourcecode.c.objc; path = BorderedView.m; sourceTree = "<group>"; };
		4E1B2D8F17FA7EB4007F6FC5 /* BorderedCell.h */ = {isa = PBXFileReference; lastKnownFileType = sourcecode.c.h; path = BorderedCell.h; sourceTree = "<group>"; };
		4E1B2D9017FA7EB4007F6FC5 /* BorderedCell.m */ = {isa = PBXFileReference; lastKnownFileType = sourcecode.c.objc; path = BorderedCell.m; sourceTree = "<group>"; };
		4E33331C17F620F200588AB9 /* printer-feed-hole.png */ = {isa = PBXFileReference; lastKnownFileType = image.png; name = "printer-feed-hole.png"; path = "img/printer-feed-hole.png"; sourceTree = "<group>"; };
		4E33331D17F621CF00588AB9 /* printer-feed-paper.png */ = {isa = PBXFileReference; lastKnownFileType = image.png; name = "printer-feed-paper.png"; path = "img/printer-feed-paper.png"; sourceTree = "<group>"; };
		4E33332017F7070000588AB9 /* BillViewController.h */ = {isa = PBXFileReference; lastKnownFileType = sourcecode.c.h; path = BillViewController.h; sourceTree = "<group>"; };
		4E33332117F7070000588AB9 /* BillViewController.m */ = {isa = PBXFileReference; lastKnownFileType = sourcecode.c.objc; path = BillViewController.m; sourceTree = "<group>"; };
		4E33332217F7071C00588AB9 /* TertiaryViewController.h */ = {isa = PBXFileReference; lastKnownFileType = sourcecode.c.h; path = TertiaryViewController.h; sourceTree = "<group>"; };
		4E33332317F7071C00588AB9 /* TertiaryViewController.m */ = {isa = PBXFileReference; lastKnownFileType = sourcecode.c.objc; path = TertiaryViewController.m; sourceTree = "<group>"; };
		4E33332D17F725FE00588AB9 /* Bill.h */ = {isa = PBXFileReference; lastKnownFileType = sourcecode.c.h; path = Bill.h; sourceTree = "<group>"; };
		4E33332E17F725FE00588AB9 /* Bill.m */ = {isa = PBXFileReference; lastKnownFileType = sourcecode.c.objc; path = Bill.m; sourceTree = "<group>"; };
		4E33333117F7731C00588AB9 /* ViewUtil.h */ = {isa = PBXFileReference; lastKnownFileType = sourcecode.c.h; path = ViewUtil.h; sourceTree = "<group>"; };
		4E33333217F7731C00588AB9 /* ViewUtil.m */ = {isa = PBXFileReference; lastKnownFileType = sourcecode.c.objc; path = ViewUtil.m; sourceTree = "<group>"; };
		4E33333517F78AC800588AB9 /* PrimaryUIButton.h */ = {isa = PBXFileReference; lastKnownFileType = sourcecode.c.h; path = PrimaryUIButton.h; sourceTree = "<group>"; };
		4E33333617F78AC800588AB9 /* PrimaryUIButton.m */ = {isa = PBXFileReference; lastKnownFileType = sourcecode.c.objc; path = PrimaryUIButton.m; sourceTree = "<group>"; };
		4E33333917F7920C00588AB9 /* SecondaryUIButton.h */ = {isa = PBXFileReference; fileEncoding = 4; lastKnownFileType = sourcecode.c.h; path = SecondaryUIButton.h; sourceTree = "<group>"; };
		4E33333A17F7920C00588AB9 /* SecondaryUIButton.m */ = {isa = PBXFileReference; fileEncoding = 4; lastKnownFileType = sourcecode.c.objc; path = SecondaryUIButton.m; sourceTree = "<group>"; };
		4E59072717FD051F00E4260D /* AccountAdapter.h */ = {isa = PBXFileReference; fileEncoding = 4; lastKnownFileType = sourcecode.c.h; path = AccountAdapter.h; sourceTree = "<group>"; };
		4E59072817FD051F00E4260D /* AccountAdapter.m */ = {isa = PBXFileReference; fileEncoding = 4; lastKnownFileType = sourcecode.c.objc; path = AccountAdapter.m; sourceTree = "<group>"; };
		4E59072A17FD056200E4260D /* ResponseAdapter.h */ = {isa = PBXFileReference; fileEncoding = 4; lastKnownFileType = sourcecode.c.h; path = ResponseAdapter.h; sourceTree = "<group>"; };
		4E59072B17FD056200E4260D /* ResponseAdapter.m */ = {isa = PBXFileReference; fileEncoding = 4; lastKnownFileType = sourcecode.c.objc; path = ResponseAdapter.m; sourceTree = "<group>"; };
		4E59072D17FD084000E4260D /* InternalCode.h */ = {isa = PBXFileReference; fileEncoding = 4; lastKnownFileType = sourcecode.c.h; path = InternalCode.h; sourceTree = "<group>"; };
		4E59073117FD303B00E4260D /* CryptoUtils.h */ = {isa = PBXFileReference; fileEncoding = 4; lastKnownFileType = sourcecode.c.h; path = CryptoUtils.h; sourceTree = "<group>"; };
		4E59073217FD303B00E4260D /* CryptoUtils.m */ = {isa = PBXFileReference; fileEncoding = 4; lastKnownFileType = sourcecode.c.objc; path = CryptoUtils.m; sourceTree = "<group>"; };
		4E59073417FDB25000E4260D /* SessionController.h */ = {isa = PBXFileReference; fileEncoding = 4; lastKnownFileType = sourcecode.c.h; path = SessionController.h; sourceTree = "<group>"; };
		4E59073517FDB25000E4260D /* SessionController.m */ = {isa = PBXFileReference; fileEncoding = 4; lastKnownFileType = sourcecode.c.objc; path = SessionController.m; sourceTree = "<group>"; };
		4E59073B17FDCB6200E4260D /* NSString+URLEncoding.h */ = {isa = PBXFileReference; fileEncoding = 4; lastKnownFileType = sourcecode.c.h; path = "NSString+URLEncoding.h"; sourceTree = "<group>"; };
		4E59073C17FDCB6200E4260D /* NSString+URLEncoding.m */ = {isa = PBXFileReference; fileEncoding = 4; lastKnownFileType = sourcecode.c.objc; path = "NSString+URLEncoding.m"; sourceTree = "<group>"; };
		4E59073E17FE5F2400E4260D /* Card.h */ = {isa = PBXFileReference; fileEncoding = 4; lastKnownFileType = sourcecode.c.h; path = Card.h; sourceTree = "<group>"; };
		4E59073F17FE5F2400E4260D /* Card.m */ = {isa = PBXFileReference; fileEncoding = 4; lastKnownFileType = sourcecode.c.objc; path = Card.m; sourceTree = "<group>"; };
		4E65BF9E17FA8089006934D4 /* CreateAccountViewController.h */ = {isa = PBXFileReference; lastKnownFileType = sourcecode.c.h; path = CreateAccountViewController.h; sourceTree = "<group>"; };
		4E65BF9F17FA8089006934D4 /* CreateAccountViewController.m */ = {isa = PBXFileReference; lastKnownFileType = sourcecode.c.objc; path = CreateAccountViewController.m; sourceTree = "<group>"; };
		4E9349B81802481800809324 /* button-1.png */ = {isa = PBXFileReference; lastKnownFileType = image.png; path = "button-1.png"; sourceTree = "<group>"; };
		4E9349BA18024C4400809324 /* p-icon@2x.png */ = {isa = PBXFileReference; lastKnownFileType = image.png; path = "p-icon@2x.png"; sourceTree = "<group>"; };
		4E9349BB18024C4400809324 /* p-icon.png */ = {isa = PBXFileReference; lastKnownFileType = image.png; path = "p-icon.png"; sourceTree = "<group>"; };
		4E9349BE180260A200809324 /* bg-purple-1.png */ = {isa = PBXFileReference; lastKnownFileType = image.png; path = "bg-purple-1.png"; sourceTree = "<group>"; };
		4E94FE6417EEA1F80082BE7F /* purple.app */ = {isa = PBXFileReference; explicitFileType = wrapper.application; includeInIndex = 0; path = purple.app; sourceTree = BUILT_PRODUCTS_DIR; };
		4E94FE6717EEA1F80082BE7F /* Foundation.framework */ = {isa = PBXFileReference; lastKnownFileType = wrapper.framework; name = Foundation.framework; path = System/Library/Frameworks/Foundation.framework; sourceTree = SDKROOT; };
		4E94FE6917EEA1F80082BE7F /* CoreGraphics.framework */ = {isa = PBXFileReference; lastKnownFileType = wrapper.framework; name = CoreGraphics.framework; path = System/Library/Frameworks/CoreGraphics.framework; sourceTree = SDKROOT; };
		4E94FE6B17EEA1F80082BE7F /* UIKit.framework */ = {isa = PBXFileReference; lastKnownFileType = wrapper.framework; name = UIKit.framework; path = System/Library/Frameworks/UIKit.framework; sourceTree = SDKROOT; };
		4E94FE6F17EEA1F80082BE7F /* purple-Info.plist */ = {isa = PBXFileReference; lastKnownFileType = text.plist.xml; path = "purple-Info.plist"; sourceTree = "<group>"; };
		4E94FE7117EEA1F80082BE7F /* en */ = {isa = PBXFileReference; lastKnownFileType = text.plist.strings; name = en; path = en.lproj/InfoPlist.strings; sourceTree = "<group>"; };
		4E94FE7317EEA1F80082BE7F /* main.m */ = {isa = PBXFileReference; lastKnownFileType = sourcecode.c.objc; path = main.m; sourceTree = "<group>"; };
		4E94FE7517EEA1F80082BE7F /* purple.temp_caseinsensitive_rename-Prefix.pch */ = {isa = PBXFileReference; lastKnownFileType = sourcecode.c.h; path = "purple.temp_caseinsensitive_rename-Prefix.pch"; sourceTree = "<group>"; };
		4E94FE7617EEA1F80082BE7F /* AppDelegate.h */ = {isa = PBXFileReference; lastKnownFileType = sourcecode.c.h; path = AppDelegate.h; sourceTree = "<group>"; };
		4E94FE7717EEA1F80082BE7F /* AppDelegate.m */ = {isa = PBXFileReference; lastKnownFileType = sourcecode.c.objc; path = AppDelegate.m; sourceTree = "<group>"; };
		4E94FE7A17EEA1F80082BE7F /* Base */ = {isa = PBXFileReference; lastKnownFileType = file.storyboard; name = Base; path = Base.lproj/Main.storyboard; sourceTree = "<group>"; };
		4E94FE7C17EEA1F80082BE7F /* FirstViewController.h */ = {isa = PBXFileReference; lastKnownFileType = sourcecode.c.h; path = FirstViewController.h; sourceTree = "<group>"; };
		4E94FE7D17EEA1F80082BE7F /* FirstViewController.m */ = {isa = PBXFileReference; lastKnownFileType = sourcecode.c.objc; path = FirstViewController.m; sourceTree = "<group>"; };
		4E94FE8217EEA1F80082BE7F /* Images.xcassets */ = {isa = PBXFileReference; lastKnownFileType = folder.assetcatalog; path = Images.xcassets; sourceTree = "<group>"; };
		4E94FE8817EEA1F80082BE7F /* purple.temp_caseinsensitive_renameTests.xctest */ = {isa = PBXFileReference; explicitFileType = wrapper.cfbundle; includeInIndex = 0; path = purple.temp_caseinsensitive_renameTests.xctest; sourceTree = BUILT_PRODUCTS_DIR; };
		4E94FE8917EEA1F80082BE7F /* XCTest.framework */ = {isa = PBXFileReference; lastKnownFileType = wrapper.framework; name = XCTest.framework; path = Library/Frameworks/XCTest.framework; sourceTree = DEVELOPER_DIR; };
		4E94FE9117EEA1F80082BE7F /* purple.temp_caseinsensitive_renameTests-Info.plist */ = {isa = PBXFileReference; lastKnownFileType = text.plist.xml; path = "purple.temp_caseinsensitive_renameTests-Info.plist"; sourceTree = "<group>"; };
		4E94FE9317EEA1F80082BE7F /* en */ = {isa = PBXFileReference; lastKnownFileType = text.plist.strings; name = en; path = en.lproj/InfoPlist.strings; sourceTree = "<group>"; };
		4E94FE9517EEA1F80082BE7F /* OandBTests.m */ = {isa = PBXFileReference; lastKnownFileType = sourcecode.c.objc; path = OandBTests.m; sourceTree = "<group>"; };
		4E94FEA017EEA2040082BE7F /* STPCard.h */ = {isa = PBXFileReference; fileEncoding = 4; lastKnownFileType = sourcecode.c.h; path = STPCard.h; sourceTree = "<group>"; };
		4E94FEA117EEA2040082BE7F /* STPCard.m */ = {isa = PBXFileReference; fileEncoding = 4; lastKnownFileType = sourcecode.c.objc; path = STPCard.m; sourceTree = "<group>"; };
		4E94FEA217EEA2040082BE7F /* STPToken.h */ = {isa = PBXFileReference; fileEncoding = 4; lastKnownFileType = sourcecode.c.h; path = STPToken.h; sourceTree = "<group>"; };
		4E94FEA317EEA2040082BE7F /* STPToken.m */ = {isa = PBXFileReference; fileEncoding = 4; lastKnownFileType = sourcecode.c.objc; path = STPToken.m; sourceTree = "<group>"; };
		4E94FEA417EEA2040082BE7F /* STPView.h */ = {isa = PBXFileReference; fileEncoding = 4; lastKnownFileType = sourcecode.c.h; path = STPView.h; sourceTree = "<group>"; };
		4E94FEA517EEA2040082BE7F /* STPView.m */ = {isa = PBXFileReference; fileEncoding = 4; lastKnownFileType = sourcecode.c.objc; path = STPView.m; sourceTree = "<group>"; };
		4E94FEA617EEA2040082BE7F /* Stripe-Prefix.pch */ = {isa = PBXFileReference; fileEncoding = 4; lastKnownFileType = sourcecode.c.h; path = "Stripe-Prefix.pch"; sourceTree = "<group>"; };
		4E94FEA717EEA2040082BE7F /* Stripe.h */ = {isa = PBXFileReference; fileEncoding = 4; lastKnownFileType = sourcecode.c.h; path = Stripe.h; sourceTree = "<group>"; };
		4E94FEA817EEA2040082BE7F /* Stripe.m */ = {isa = PBXFileReference; fileEncoding = 4; lastKnownFileType = sourcecode.c.objc; path = Stripe.m; sourceTree = "<group>"; };
		4E94FEA917EEA2040082BE7F /* StripeError.h */ = {isa = PBXFileReference; fileEncoding = 4; lastKnownFileType = sourcecode.c.h; path = StripeError.h; sourceTree = "<group>"; };
		4E94FEAA17EEA2040082BE7F /* StripeError.m */ = {isa = PBXFileReference; fileEncoding = 4; lastKnownFileType = sourcecode.c.objc; path = StripeError.m; sourceTree = "<group>"; };
		4E94FEAD17EEA2040082BE7F /* .gitignore */ = {isa = PBXFileReference; fileEncoding = 4; lastKnownFileType = text; path = .gitignore; sourceTree = "<group>"; };
		4E94FEAE17EEA2040082BE7F /* LICENSE */ = {isa = PBXFileReference; fileEncoding = 4; lastKnownFileType = text; path = LICENSE; sourceTree = "<group>"; };
		4E94FEB017EEA2040082BE7F /* PKAddressZip.h */ = {isa = PBXFileReference; fileEncoding = 4; lastKnownFileType = sourcecode.c.h; path = PKAddressZip.h; sourceTree = "<group>"; };
		4E94FEB117EEA2040082BE7F /* PKAddressZip.m */ = {isa = PBXFileReference; fileEncoding = 4; lastKnownFileType = sourcecode.c.objc; path = PKAddressZip.m; sourceTree = "<group>"; };
		4E94FEB217EEA2040082BE7F /* PKCard.h */ = {isa = PBXFileReference; fileEncoding = 4; lastKnownFileType = sourcecode.c.h; path = PKCard.h; sourceTree = "<group>"; };
		4E94FEB317EEA2040082BE7F /* PKCard.m */ = {isa = PBXFileReference; fileEncoding = 4; lastKnownFileType = sourcecode.c.objc; path = PKCard.m; sourceTree = "<group>"; };
		4E94FEB417EEA2040082BE7F /* PKCardCVC.h */ = {isa = PBXFileReference; fileEncoding = 4; lastKnownFileType = sourcecode.c.h; path = PKCardCVC.h; sourceTree = "<group>"; };
		4E94FEB517EEA2040082BE7F /* PKCardCVC.m */ = {isa = PBXFileReference; fileEncoding = 4; lastKnownFileType = sourcecode.c.objc; path = PKCardCVC.m; sourceTree = "<group>"; };
		4E94FEB617EEA2040082BE7F /* PKCardExpiry.h */ = {isa = PBXFileReference; fileEncoding = 4; lastKnownFileType = sourcecode.c.h; path = PKCardExpiry.h; sourceTree = "<group>"; };
		4E94FEB717EEA2040082BE7F /* PKCardExpiry.m */ = {isa = PBXFileReference; fileEncoding = 4; lastKnownFileType = sourcecode.c.objc; path = PKCardExpiry.m; sourceTree = "<group>"; };
		4E94FEB817EEA2040082BE7F /* PKCardNumber.h */ = {isa = PBXFileReference; fileEncoding = 4; lastKnownFileType = sourcecode.c.h; path = PKCardNumber.h; sourceTree = "<group>"; };
		4E94FEB917EEA2040082BE7F /* PKCardNumber.m */ = {isa = PBXFileReference; fileEncoding = 4; lastKnownFileType = sourcecode.c.objc; path = PKCardNumber.m; sourceTree = "<group>"; };
		4E94FEBA17EEA2040082BE7F /* PKCardType.h */ = {isa = PBXFileReference; fileEncoding = 4; lastKnownFileType = sourcecode.c.h; path = PKCardType.h; sourceTree = "<group>"; };
		4E94FEBB17EEA2040082BE7F /* PKTextField.h */ = {isa = PBXFileReference; fileEncoding = 4; lastKnownFileType = sourcecode.c.h; path = PKTextField.h; sourceTree = "<group>"; };
		4E94FEBC17EEA2040082BE7F /* PKTextField.m */ = {isa = PBXFileReference; fileEncoding = 4; lastKnownFileType = sourcecode.c.objc; path = PKTextField.m; sourceTree = "<group>"; };
		4E94FEBD17EEA2040082BE7F /* PKUSAddressZip.h */ = {isa = PBXFileReference; fileEncoding = 4; lastKnownFileType = sourcecode.c.h; path = PKUSAddressZip.h; sourceTree = "<group>"; };
		4E94FEBE17EEA2040082BE7F /* PKUSAddressZip.m */ = {isa = PBXFileReference; fileEncoding = 4; lastKnownFileType = sourcecode.c.objc; path = PKUSAddressZip.m; sourceTree = "<group>"; };
		4E94FEBF17EEA2040082BE7F /* PKView.h */ = {isa = PBXFileReference; fileEncoding = 4; lastKnownFileType = sourcecode.c.h; path = PKView.h; sourceTree = "<group>"; };
		4E94FEC017EEA2040082BE7F /* PKView.m */ = {isa = PBXFileReference; fileEncoding = 4; lastKnownFileType = sourcecode.c.objc; path = PKView.m; sourceTree = "<group>"; };
		4E94FEC317EEA2040082BE7F /* amex.png */ = {isa = PBXFileReference; lastKnownFileType = image.png; path = amex.png; sourceTree = "<group>"; };
		4E94FEC417EEA2040082BE7F /* amex@2x.png */ = {isa = PBXFileReference; lastKnownFileType = image.png; path = "amex@2x.png"; sourceTree = "<group>"; };
		4E94FEC517EEA2040082BE7F /* cvc-amex.png */ = {isa = PBXFileReference; lastKnownFileType = image.png; path = "cvc-amex.png"; sourceTree = "<group>"; };
		4E94FEC617EEA2040082BE7F /* cvc-amex@2x.png */ = {isa = PBXFileReference; lastKnownFileType = image.png; path = "cvc-amex@2x.png"; sourceTree = "<group>"; };
		4E94FEC717EEA2040082BE7F /* cvc.png */ = {isa = PBXFileReference; lastKnownFileType = image.png; path = cvc.png; sourceTree = "<group>"; };
		4E94FEC817EEA2040082BE7F /* cvc@2x.png */ = {isa = PBXFileReference; lastKnownFileType = image.png; path = "cvc@2x.png"; sourceTree = "<group>"; };
		4E94FEC917EEA2040082BE7F /* diners.png */ = {isa = PBXFileReference; lastKnownFileType = image.png; path = diners.png; sourceTree = "<group>"; };
		4E94FECA17EEA2040082BE7F /* diners@2x.png */ = {isa = PBXFileReference; lastKnownFileType = image.png; path = "diners@2x.png"; sourceTree = "<group>"; };
		4E94FECB17EEA2040082BE7F /* discover.png */ = {isa = PBXFileReference; lastKnownFileType = image.png; path = discover.png; sourceTree = "<group>"; };
		4E94FECC17EEA2040082BE7F /* discover@2x.png */ = {isa = PBXFileReference; lastKnownFileType = image.png; path = "discover@2x.png"; sourceTree = "<group>"; };
		4E94FECD17EEA2040082BE7F /* jcb.png */ = {isa = PBXFileReference; lastKnownFileType = image.png; path = jcb.png; sourceTree = "<group>"; };
		4E94FECE17EEA2040082BE7F /* jcb@2x.png */ = {isa = PBXFileReference; lastKnownFileType = image.png; path = "jcb@2x.png"; sourceTree = "<group>"; };
		4E94FECF17EEA2040082BE7F /* mastercard.png */ = {isa = PBXFileReference; lastKnownFileType = image.png; path = mastercard.png; sourceTree = "<group>"; };
		4E94FED017EEA2040082BE7F /* mastercard@2x.png */ = {isa = PBXFileReference; lastKnownFileType = image.png; path = "mastercard@2x.png"; sourceTree = "<group>"; };
		4E94FED117EEA2040082BE7F /* placeholder.png */ = {isa = PBXFileReference; lastKnownFileType = image.png; path = placeholder.png; sourceTree = "<group>"; };
		4E94FED217EEA2040082BE7F /* placeholder@2x.png */ = {isa = PBXFileReference; lastKnownFileType = image.png; path = "placeholder@2x.png"; sourceTree = "<group>"; };
		4E94FED317EEA2040082BE7F /* visa.png */ = {isa = PBXFileReference; lastKnownFileType = image.png; path = visa.png; sourceTree = "<group>"; };
		4E94FED417EEA2040082BE7F /* visa@2x.png */ = {isa = PBXFileReference; lastKnownFileType = image.png; path = "visa@2x.png"; sourceTree = "<group>"; };
		4E94FED517EEA2040082BE7F /* gradient@2x.png */ = {isa = PBXFileReference; lastKnownFileType = image.png; path = "gradient@2x.png"; sourceTree = "<group>"; };
		4E94FED617EEA2040082BE7F /* textfield.png */ = {isa = PBXFileReference; lastKnownFileType = image.png; path = textfield.png; sourceTree = "<group>"; };
		4E94FED717EEA2040082BE7F /* textfield@2x.png */ = {isa = PBXFileReference; lastKnownFileType = image.png; path = "textfield@2x.png"; sourceTree = "<group>"; };
		4E94FEFB17EEA2040082BE7F /* PaymentKit.podspec */ = {isa = PBXFileReference; fileEncoding = 4; lastKnownFileType = text; path = PaymentKit.podspec; sourceTree = "<group>"; };
		4E94FEFC17EEA2040082BE7F /* README.md */ = {isa = PBXFileReference; fileEncoding = 4; lastKnownFileType = text; path = README.md; sourceTree = "<group>"; };
		4E94FF3A17EEA2BD0082BE7F /* QuartzCore.framework */ = {isa = PBXFileReference; lastKnownFileType = wrapper.framework; name = QuartzCore.framework; path = System/Library/Frameworks/QuartzCore.framework; sourceTree = SDKROOT; };
		4E94FF3C17EEB95F0082BE7F /* ob-logo.png */ = {isa = PBXFileReference; lastKnownFileType = image.png; path = "ob-logo.png"; sourceTree = "<group>"; };
		4EA9E30817F800630063B66C /* AddCardViewController.h */ = {isa = PBXFileReference; lastKnownFileType = sourcecode.c.h; path = AddCardViewController.h; sourceTree = "<group>"; };
		4EA9E30917F800630063B66C /* AddCardViewController.m */ = {isa = PBXFileReference; lastKnownFileType = sourcecode.c.objc; path = AddCardViewController.m; sourceTree = "<group>"; };
		4EA9E30B17F8773B0063B66C /* Checkout.h */ = {isa = PBXFileReference; lastKnownFileType = sourcecode.c.h; path = Checkout.h; sourceTree = "<group>"; };
		4EA9E30C17F8773B0063B66C /* Checkout.m */ = {isa = PBXFileReference; lastKnownFileType = sourcecode.c.objc; path = Checkout.m; sourceTree = "<group>"; };
		4EA9E30E17F87DD70063B66C /* ConfirmViewController.h */ = {isa = PBXFileReference; lastKnownFileType = sourcecode.c.h; path = ConfirmViewController.h; sourceTree = "<group>"; };
		4EA9E30F17F87DD70063B66C /* ConfirmViewController.m */ = {isa = PBXFileReference; lastKnownFileType = sourcecode.c.objc; path = ConfirmViewController.m; sourceTree = "<group>"; };
		4EA9E31117F883AB0063B66C /* RoundedTextView.h */ = {isa = PBXFileReference; lastKnownFileType = sourcecode.c.h; path = RoundedTextView.h; sourceTree = "<group>"; };
		4EA9E31217F883AB0063B66C /* RoundedTextView.m */ = {isa = PBXFileReference; lastKnownFileType = sourcecode.c.objc; path = RoundedTextView.m; sourceTree = "<group>"; };
		4EA9E31417F892DA0063B66C /* ProcessPaymentViewController.h */ = {isa = PBXFileReference; lastKnownFileType = sourcecode.c.h; path = ProcessPaymentViewController.h; sourceTree = "<group>"; };
		4EA9E31517F892DA0063B66C /* ProcessPaymentViewController.m */ = {isa = PBXFileReference; lastKnownFileType = sourcecode.c.objc; path = ProcessPaymentViewController.m; sourceTree = "<group>"; };
		4EACF2B217F79745003601C1 /* CardController.h */ = {isa = PBXFileReference; lastKnownFileType = sourcecode.c.h; path = CardController.h; sourceTree = "<group>"; };
		4EACF2B317F79745003601C1 /* CardController.m */ = {isa = PBXFileReference; lastKnownFileType = sourcecode.c.objc; path = CardController.m; sourceTree = "<group>"; };
		4EACF2BA17F79A1E003601C1 /* ChoosePaymentViewController.h */ = {isa = PBXFileReference; lastKnownFileType = sourcecode.c.h; path = ChoosePaymentViewController.h; sourceTree = "<group>"; };
		4EACF2BB17F79A1E003601C1 /* ChoosePaymentViewController.m */ = {isa = PBXFileReference; lastKnownFileType = sourcecode.c.objc; path = ChoosePaymentViewController.m; sourceTree = "<group>"; };
		4EC26B3B17F5D819007BCF38 /* tabbarbg.png */ = {isa = PBXFileReference; lastKnownFileType = image.png; path = tabbarbg.png; sourceTree = "<group>"; };
		4EC26B3D17F5D91D007BCF38 /* Colors.h */ = {isa = PBXFileReference; lastKnownFileType = sourcecode.c.h; path = Colors.h; sourceTree = "<group>"; };
		4EC26B3E17F5D91D007BCF38 /* Colors.m */ = {isa = PBXFileReference; lastKnownFileType = sourcecode.c.objc; path = Colors.m; sourceTree = "<group>"; };
		4EC26B4317F5DB25007BCF38 /* PrimaryViewController.h */ = {isa = PBXFileReference; lastKnownFileType = sourcecode.c.h; path = PrimaryViewController.h; sourceTree = "<group>"; };
		4EC26B4417F5DB25007BCF38 /* PrimaryViewController.m */ = {isa = PBXFileReference; lastKnownFileType = sourcecode.c.objc; path = PrimaryViewController.m; sourceTree = "<group>"; };
		4EC26B4617F5DC76007BCF38 /* SecondaryViewController.h */ = {isa = PBXFileReference; lastKnownFileType = sourcecode.c.h; path = SecondaryViewController.h; sourceTree = "<group>"; };
		4EC26B4717F5DC76007BCF38 /* SecondaryViewController.m */ = {isa = PBXFileReference; lastKnownFileType = sourcecode.c.objc; path = SecondaryViewController.m; sourceTree = "<group>"; };
		4EC26B4917F5DE2B007BCF38 /* PayLaunchViewController.h */ = {isa = PBXFileReference; lastKnownFileType = sourcecode.c.h; path = PayLaunchViewController.h; sourceTree = "<group>"; };
		4EC26B4A17F5DE2B007BCF38 /* PayLaunchViewController.m */ = {isa = PBXFileReference; lastKnownFileType = sourcecode.c.objc; path = PayLaunchViewController.m; sourceTree = "<group>"; };
		4EC26B5A17F5E452007BCF38 /* purple.png */ = {isa = PBXFileReference; lastKnownFileType = image.png; path = purple.png; sourceTree = "<group>"; };
		4EC26B5E17F5EA2E007BCF38 /* search.png */ = {isa = PBXFileReference; lastKnownFileType = image.png; path = search.png; sourceTree = "<group>"; };
		4EC26B6017F5EA48007BCF38 /* calculator.png */ = {isa = PBXFileReference; lastKnownFileType = image.png; path = calculator.png; sourceTree = "<group>"; };
		4EC26B6217F5EB82007BCF38 /* search-icon.png */ = {isa = PBXFileReference; lastKnownFileType = image.png; path = "search-icon.png"; sourceTree = "<group>"; };
		4EC26B6317F5EB82007BCF38 /* search-icon@2x.png */ = {isa = PBXFileReference; lastKnownFileType = image.png; path = "search-icon@2x.png"; sourceTree = "<group>"; };
		4EC26B6617F5ECFA007BCF38 /* pay-icon.png */ = {isa = PBXFileReference; lastKnownFileType = image.png; path = "pay-icon.png"; sourceTree = "<group>"; };
		4EC26B6717F5ECFA007BCF38 /* pay-icon@2x.png */ = {isa = PBXFileReference; lastKnownFileType = image.png; path = "pay-icon@2x.png"; sourceTree = "<group>"; };
		4EC26B6E17F6157A007BCF38 /* purple-2.png */ = {isa = PBXFileReference; lastKnownFileType = image.png; path = "purple-2.png"; sourceTree = "<group>"; };
		4EC4A38217FB64FF006A9B00 /* NetUtils.h */ = {isa = PBXFileReference; fileEncoding = 4; lastKnownFileType = sourcecode.c.h; path = NetUtils.h; sourceTree = "<group>"; };
		4EC4A38317FB64FF006A9B00 /* NetUtils.m */ = {isa = PBXFileReference; fileEncoding = 4; lastKnownFileType = sourcecode.c.objc; path = NetUtils.m; sourceTree = "<group>"; };
		4EDA5BC617EF3AFD007A1777 /* Decoder.h */ = {isa = PBXFileReference; fileEncoding = 4; lastKnownFileType = sourcecode.c.h; path = Decoder.h; sourceTree = "<group>"; };
		4EDA5BC717EF3AFD007A1777 /* Exception.h */ = {isa = PBXFileReference; fileEncoding = 4; lastKnownFileType = sourcecode.c.h; path = Exception.h; sourceTree = "<group>"; };
		4EDA5BC817EF3AFD007A1777 /* Image.h */ = {isa = PBXFileReference; fileEncoding = 4; lastKnownFileType = sourcecode.c.h; path = Image.h; sourceTree = "<group>"; };
		4EDA5BC917EF3AFD007A1777 /* ImageScanner.h */ = {isa = PBXFileReference; fileEncoding = 4; lastKnownFileType = sourcecode.c.h; path = ImageScanner.h; sourceTree = "<group>"; };
		4EDA5BCA17EF3AFD007A1777 /* Processor.h */ = {isa = PBXFileReference; fileEncoding = 4; lastKnownFileType = sourcecode.c.h; path = Processor.h; sourceTree = "<group>"; };
		4EDA5BCB17EF3AFD007A1777 /* Scanner.h */ = {isa = PBXFileReference; fileEncoding = 4; lastKnownFileType = sourcecode.c.h; path = Scanner.h; sourceTree = "<group>"; };
		4EDA5BCC17EF3AFD007A1777 /* Symbol.h */ = {isa = PBXFileReference; fileEncoding = 4; lastKnownFileType = sourcecode.c.h; path = Symbol.h; sourceTree = "<group>"; };
		4EDA5BCD17EF3AFD007A1777 /* Video.h */ = {isa = PBXFileReference; fileEncoding = 4; lastKnownFileType = sourcecode.c.h; path = Video.h; sourceTree = "<group>"; };
		4EDA5BCE17EF3AFD007A1777 /* Window.h */ = {isa = PBXFileReference; fileEncoding = 4; lastKnownFileType = sourcecode.c.h; path = Window.h; sourceTree = "<group>"; };
		4EDA5BCF17EF3AFD007A1777 /* zbar.h */ = {isa = PBXFileReference; fileEncoding = 4; lastKnownFileType = sourcecode.c.h; path = zbar.h; sourceTree = "<group>"; };
		4EDA5BD017EF3AFD007A1777 /* ZBarCameraSimulator.h */ = {isa = PBXFileReference; fileEncoding = 4; lastKnownFileType = sourcecode.c.h; path = ZBarCameraSimulator.h; sourceTree = "<group>"; };
		4EDA5BD117EF3AFD007A1777 /* ZBarCaptureReader.h */ = {isa = PBXFileReference; fileEncoding = 4; lastKnownFileType = sourcecode.c.h; path = ZBarCaptureReader.h; sourceTree = "<group>"; };
		4EDA5BD217EF3AFD007A1777 /* ZBarHelpController.h */ = {isa = PBXFileReference; fileEncoding = 4; lastKnownFileType = sourcecode.c.h; path = ZBarHelpController.h; sourceTree = "<group>"; };
		4EDA5BD317EF3AFD007A1777 /* ZBarImage.h */ = {isa = PBXFileReference; fileEncoding = 4; lastKnownFileType = sourcecode.c.h; path = ZBarImage.h; sourceTree = "<group>"; };
		4EDA5BD417EF3AFD007A1777 /* ZBarImageScanner.h */ = {isa = PBXFileReference; fileEncoding = 4; lastKnownFileType = sourcecode.c.h; path = ZBarImageScanner.h; sourceTree = "<group>"; };
		4EDA5BD517EF3AFD007A1777 /* ZBarReaderController.h */ = {isa = PBXFileReference; fileEncoding = 4; lastKnownFileType = sourcecode.c.h; path = ZBarReaderController.h; sourceTree = "<group>"; };
		4EDA5BD617EF3AFD007A1777 /* ZBarReaderView.h */ = {isa = PBXFileReference; fileEncoding = 4; lastKnownFileType = sourcecode.c.h; path = ZBarReaderView.h; sourceTree = "<group>"; };
		4EDA5BD717EF3AFD007A1777 /* ZBarReaderViewController.h */ = {isa = PBXFileReference; fileEncoding = 4; lastKnownFileType = sourcecode.c.h; path = ZBarReaderViewController.h; sourceTree = "<group>"; };
		4EDA5BD817EF3AFD007A1777 /* ZBarSDK.h */ = {isa = PBXFileReference; fileEncoding = 4; lastKnownFileType = sourcecode.c.h; path = ZBarSDK.h; sourceTree = "<group>"; };
		4EDA5BD917EF3AFD007A1777 /* ZBarSymbol.h */ = {isa = PBXFileReference; fileEncoding = 4; lastKnownFileType = sourcecode.c.h; path = ZBarSymbol.h; sourceTree = "<group>"; };
		4EDA5BDA17EF3AFD007A1777 /* libzbar.a */ = {isa = PBXFileReference; lastKnownFileType = archive.ar; path = libzbar.a; sourceTree = "<group>"; };
		4EDA5BDC17EF3AFD007A1777 /* zbar-back.png */ = {isa = PBXFileReference; lastKnownFileType = image.png; path = "zbar-back.png"; sourceTree = "<group>"; };
		4EDA5BDD17EF3AFD007A1777 /* zbar-help.html */ = {isa = PBXFileReference; fileEncoding = 4; lastKnownFileType = text.html; path = "zbar-help.html"; sourceTree = "<group>"; };
		4EDA5BDE17EF3AFD007A1777 /* zbar-helpicons.png */ = {isa = PBXFileReference; lastKnownFileType = image.png; path = "zbar-helpicons.png"; sourceTree = "<group>"; };
		4EDA5BDF17EF3AFD007A1777 /* zbar-samples.png */ = {isa = PBXFileReference; lastKnownFileType = image.png; path = "zbar-samples.png"; sourceTree = "<group>"; };
		4EDA5BE517EF3B3A007A1777 /* libiconv.dylib */ = {isa = PBXFileReference; lastKnownFileType = "compiled.mach-o.dylib"; name = libiconv.dylib; path = usr/lib/libiconv.dylib; sourceTree = SDKROOT; };
		4EDA5BE717EF3B47007A1777 /* CoreMedia.framework */ = {isa = PBXFileReference; lastKnownFileType = wrapper.framework; name = CoreMedia.framework; path = System/Library/Frameworks/CoreMedia.framework; sourceTree = SDKROOT; };
		4EDA5BE917EF3B4E007A1777 /* CoreVideo.framework */ = {isa = PBXFileReference; lastKnownFileType = wrapper.framework; name = CoreVideo.framework; path = System/Library/Frameworks/CoreVideo.framework; sourceTree = SDKROOT; };
		4EDA5BEB17EF3B56007A1777 /* CoreAudio.framework */ = {isa = PBXFileReference; lastKnownFileType = wrapper.framework; name = CoreAudio.framework; path = System/Library/Frameworks/CoreAudio.framework; sourceTree = SDKROOT; };
		4EDA5BED17EF3B60007A1777 /* AVFoundation.framework */ = {isa = PBXFileReference; lastKnownFileType = wrapper.framework; name = AVFoundation.framework; path = System/Library/Frameworks/AVFoundation.framework; sourceTree = SDKROOT; };
/* End PBXFileReference section */

/* Begin PBXFrameworksBuildPhase section */
		4E94FE6117EEA1F80082BE7F /* Frameworks */ = {
			isa = PBXFrameworksBuildPhase;
			buildActionMask = 2147483647;
			files = (
				4EDA5BE617EF3B3A007A1777 /* libiconv.dylib in Frameworks */,
				4EDA5BE817EF3B47007A1777 /* CoreMedia.framework in Frameworks */,
				4EDA5BEA17EF3B4E007A1777 /* CoreVideo.framework in Frameworks */,
				4E94FF3B17EEA2BD0082BE7F /* QuartzCore.framework in Frameworks */,
				4EDA5BEC17EF3B56007A1777 /* CoreAudio.framework in Frameworks */,
				4EDA5BEE17EF3B60007A1777 /* AVFoundation.framework in Frameworks */,
				4E94FE6C17EEA1F80082BE7F /* UIKit.framework in Frameworks */,
				4E94FE6817EEA1F80082BE7F /* Foundation.framework in Frameworks */,
				4E94FE6A17EEA1F80082BE7F /* CoreGraphics.framework in Frameworks */,
				4EDA5BE017EF3AFD007A1777 /* libzbar.a in Frameworks */,
			);
			runOnlyForDeploymentPostprocessing = 0;
		};
		4E94FE8517EEA1F80082BE7F /* Frameworks */ = {
			isa = PBXFrameworksBuildPhase;
			buildActionMask = 2147483647;
			files = (
				4E94FE8A17EEA1F80082BE7F /* XCTest.framework in Frameworks */,
				4E94FE8C17EEA1F80082BE7F /* UIKit.framework in Frameworks */,
				4E94FE8B17EEA1F80082BE7F /* Foundation.framework in Frameworks */,
			);
			runOnlyForDeploymentPostprocessing = 0;
		};
/* End PBXFrameworksBuildPhase section */

/* Begin PBXGroup section */
		4E33331B17F61FB300588AB9 /* controllers */ = {
			isa = PBXGroup;
			children = (
				4E65BF9D17FA805B006934D4 /* modal */,
				4E65BF9C17FA8053006934D4 /* checkout */,
			);
			name = controllers;
			sourceTree = "<group>";
		};
		4E33332917F7257C00588AB9 /* controller */ = {
			isa = PBXGroup;
			children = (
				4E59072617FD050300E4260D /* api */,
				4EACF2B217F79745003601C1 /* CardController.h */,
				4EACF2B317F79745003601C1 /* CardController.m */,
				4E1B2D8617FA56BD007F6FC5 /* PaymentController.h */,
				4E1B2D8717FA56BD007F6FC5 /* PaymentController.m */,
				4EC4A38217FB64FF006A9B00 /* NetUtils.h */,
				4EC4A38317FB64FF006A9B00 /* NetUtils.m */,
				4E59073417FDB25000E4260D /* SessionController.h */,
				4E59073517FDB25000E4260D /* SessionController.m */,
			);
			name = controller;
			sourceTree = "<group>";
		};
		4E33332C17F725F200588AB9 /* model */ = {
			isa = PBXGroup;
			children = (
				4E59073A17FDCB4D00E4260D /* category */,
				4E33332D17F725FE00588AB9 /* Bill.h */,
				4E33332E17F725FE00588AB9 /* Bill.m */,
				4EA9E30B17F8773B0063B66C /* Checkout.h */,
				4EA9E30C17F8773B0063B66C /* Checkout.m */,
				4E59073E17FE5F2400E4260D /* Card.h */,
				4E59073F17FE5F2400E4260D /* Card.m */,
			);
			name = model;
			sourceTree = "<group>";
		};
		4E33333417F78AB000588AB9 /* view-stubs */ = {
			isa = PBXGroup;
			children = (
				4E33333517F78AC800588AB9 /* PrimaryUIButton.h */,
				4E33333617F78AC800588AB9 /* PrimaryUIButton.m */,
				4E33333917F7920C00588AB9 /* SecondaryUIButton.h */,
				4E33333A17F7920C00588AB9 /* SecondaryUIButton.m */,
				4EA9E31117F883AB0063B66C /* RoundedTextView.h */,
				4EA9E31217F883AB0063B66C /* RoundedTextView.m */,
				4E1B2D8C17FA7E21007F6FC5 /* BorderedView.h */,
				4E1B2D8D17FA7E21007F6FC5 /* BorderedView.m */,
				4E1B2D8F17FA7EB4007F6FC5 /* BorderedCell.h */,
				4E1B2D9017FA7EB4007F6FC5 /* BorderedCell.m */,
			);
			name = "view-stubs";
			sourceTree = "<group>";
		};
		4E33333817F78D6000588AB9 /* ext */ = {
			isa = PBXGroup;
			children = (
				4EDA5BC217EF3AFD007A1777 /* ZBarSDK */,
				4E94FE9F17EEA2040082BE7F /* Stripe */,
			);
			name = ext;
			sourceTree = "<group>";
		};
		4E59072617FD050300E4260D /* api */ = {
			isa = PBXGroup;
			children = (
				4E59072717FD051F00E4260D /* AccountAdapter.h */,
				4E59072817FD051F00E4260D /* AccountAdapter.m */,
				4E59072A17FD056200E4260D /* ResponseAdapter.h */,
				4E59072B17FD056200E4260D /* ResponseAdapter.m */,
				4E59072D17FD084000E4260D /* InternalCode.h */,
			);
			name = api;
			sourceTree = "<group>";
		};
		4E59073017FD302B00E4260D /* util */ = {
			isa = PBXGroup;
			children = (
				4E59073117FD303B00E4260D /* CryptoUtils.h */,
				4E59073217FD303B00E4260D /* CryptoUtils.m */,
			);
			name = util;
			sourceTree = "<group>";
		};
		4E59073A17FDCB4D00E4260D /* category */ = {
			isa = PBXGroup;
			children = (
				4E59073B17FDCB6200E4260D /* NSString+URLEncoding.h */,
				4E59073C17FDCB6200E4260D /* NSString+URLEncoding.m */,
			);
			name = category;
			sourceTree = "<group>";
		};
		4E65BF9C17FA8053006934D4 /* checkout */ = {
			isa = PBXGroup;
			children = (
				4E33332017F7070000588AB9 /* BillViewController.h */,
				4E33332117F7070000588AB9 /* BillViewController.m */,
				4EC26B4917F5DE2B007BCF38 /* PayLaunchViewController.h */,
				4EC26B4A17F5DE2B007BCF38 /* PayLaunchViewController.m */,
				4EACF2BA17F79A1E003601C1 /* ChoosePaymentViewController.h */,
				4EACF2BB17F79A1E003601C1 /* ChoosePaymentViewController.m */,
				4EA9E30E17F87DD70063B66C /* ConfirmViewController.h */,
				4EA9E30F17F87DD70063B66C /* ConfirmViewController.m */,
				4EA9E31417F892DA0063B66C /* ProcessPaymentViewController.h */,
				4EA9E31517F892DA0063B66C /* ProcessPaymentViewController.m */,
				4E1B2D8017FA4814007F6FC5 /* ChooseAccountViewController.h */,
				4E1B2D8117FA4814007F6FC5 /* ChooseAccountViewController.m */,
				4E1B2D8317FA561C007F6FC5 /* OneTimeAddCardViewController.h */,
				4E1B2D8417FA561C007F6FC5 /* OneTimeAddCardViewController.m */,
			);
			name = checkout;
			sourceTree = "<group>";
		};
		4E65BF9D17FA805B006934D4 /* modal */ = {
			isa = PBXGroup;
			children = (
				4EA9E30817F800630063B66C /* AddCardViewController.h */,
				4EA9E30917F800630063B66C /* AddCardViewController.m */,
				4E65BF9E17FA8089006934D4 /* CreateAccountViewController.h */,
				4E65BF9F17FA8089006934D4 /* CreateAccountViewController.m */,
			);
			name = modal;
			sourceTree = "<group>";
		};
		4E94FE5B17EEA1F80082BE7F = {
			isa = PBXGroup;
			children = (
				4E94FE6D17EEA1F80082BE7F /* Purple */,
				4E94FE8F17EEA1F80082BE7F /* PurpleTests */,
				4E94FE6617EEA1F80082BE7F /* Frameworks */,
				4E94FE6517EEA1F80082BE7F /* Products */,
			);
			sourceTree = "<group>";
		};
		4E94FE6517EEA1F80082BE7F /* Products */ = {
			isa = PBXGroup;
			children = (
				4E94FE6417EEA1F80082BE7F /* purple.app */,
				4E94FE8817EEA1F80082BE7F /* purple.temp_caseinsensitive_renameTests.xctest */,
			);
			name = Products;
			sourceTree = "<group>";
		};
		4E94FE6617EEA1F80082BE7F /* Frameworks */ = {
			isa = PBXGroup;
			children = (
				4EDA5BED17EF3B60007A1777 /* AVFoundation.framework */,
				4EDA5BEB17EF3B56007A1777 /* CoreAudio.framework */,
				4EDA5BE917EF3B4E007A1777 /* CoreVideo.framework */,
				4EDA5BE717EF3B47007A1777 /* CoreMedia.framework */,
				4EDA5BE517EF3B3A007A1777 /* libiconv.dylib */,
				4E94FF3A17EEA2BD0082BE7F /* QuartzCore.framework */,
				4E94FE6717EEA1F80082BE7F /* Foundation.framework */,
				4E94FE6917EEA1F80082BE7F /* CoreGraphics.framework */,
				4E94FE6B17EEA1F80082BE7F /* UIKit.framework */,
				4E94FE8917EEA1F80082BE7F /* XCTest.framework */,
			);
			name = Frameworks;
			sourceTree = "<group>";
		};
		4E94FE6D17EEA1F80082BE7F /* Purple */ = {
			isa = PBXGroup;
			children = (
				4E59073017FD302B00E4260D /* util */,
				4E33333817F78D6000588AB9 /* ext */,
				4E33332C17F725F200588AB9 /* model */,
				4E33332917F7257C00588AB9 /* controller */,
				4EC26B3F17F5D967007BCF38 /* view */,
				4E94FE7617EEA1F80082BE7F /* AppDelegate.h */,
				4E94FE7717EEA1F80082BE7F /* AppDelegate.m */,
				4E94FE7917EEA1F80082BE7F /* Main.storyboard */,
				4E94FE7C17EEA1F80082BE7F /* FirstViewController.h */,
				4E94FE7D17EEA1F80082BE7F /* FirstViewController.m */,
				4E94FE8217EEA1F80082BE7F /* Images.xcassets */,
				4E94FE6E17EEA1F80082BE7F /* Supporting Files */,
			);
			name = Purple;
			path = OandB;
			sourceTree = "<group>";
		};
		4E94FE6E17EEA1F80082BE7F /* Supporting Files */ = {
			isa = PBXGroup;
			children = (
				4E94FE6F17EEA1F80082BE7F /* purple-Info.plist */,
				4E94FE7017EEA1F80082BE7F /* InfoPlist.strings */,
				4E94FE7317EEA1F80082BE7F /* main.m */,
				4E94FE7517EEA1F80082BE7F /* purple.temp_caseinsensitive_rename-Prefix.pch */,
			);
			name = "Supporting Files";
			sourceTree = "<group>";
		};
		4E94FE8F17EEA1F80082BE7F /* PurpleTests */ = {
			isa = PBXGroup;
			children = (
				4E94FE9517EEA1F80082BE7F /* OandBTests.m */,
				4E94FE9017EEA1F80082BE7F /* Supporting Files */,
			);
			name = PurpleTests;
			path = OandBTests;
			sourceTree = "<group>";
		};
		4E94FE9017EEA1F80082BE7F /* Supporting Files */ = {
			isa = PBXGroup;
			children = (
				4E94FE9117EEA1F80082BE7F /* purple.temp_caseinsensitive_renameTests-Info.plist */,
				4E94FE9217EEA1F80082BE7F /* InfoPlist.strings */,
			);
			name = "Supporting Files";
			sourceTree = "<group>";
		};
		4E94FE9F17EEA2040082BE7F /* Stripe */ = {
			isa = PBXGroup;
			children = (
				4E94FEA017EEA2040082BE7F /* STPCard.h */,
				4E94FEA117EEA2040082BE7F /* STPCard.m */,
				4E94FEA217EEA2040082BE7F /* STPToken.h */,
				4E94FEA317EEA2040082BE7F /* STPToken.m */,
				4E94FEA417EEA2040082BE7F /* STPView.h */,
				4E94FEA517EEA2040082BE7F /* STPView.m */,
				4E94FEA617EEA2040082BE7F /* Stripe-Prefix.pch */,
				4E94FEA717EEA2040082BE7F /* Stripe.h */,
				4E94FEA817EEA2040082BE7F /* Stripe.m */,
				4E94FEA917EEA2040082BE7F /* StripeError.h */,
				4E94FEAA17EEA2040082BE7F /* StripeError.m */,
				4E94FEAB17EEA2040082BE7F /* Vendor */,
			);
			path = Stripe;
			sourceTree = "<group>";
		};
		4E94FEAB17EEA2040082BE7F /* Vendor */ = {
			isa = PBXGroup;
			children = (
				4E94FEAC17EEA2040082BE7F /* PaymentKit */,
			);
			path = Vendor;
			sourceTree = "<group>";
		};
		4E94FEAC17EEA2040082BE7F /* PaymentKit */ = {
			isa = PBXGroup;
			children = (
				4E94FEAD17EEA2040082BE7F /* .gitignore */,
				4E94FEAE17EEA2040082BE7F /* LICENSE */,
				4E94FEAF17EEA2040082BE7F /* PaymentKit */,
				4E94FEFB17EEA2040082BE7F /* PaymentKit.podspec */,
				4E94FEFC17EEA2040082BE7F /* README.md */,
			);
			path = PaymentKit;
			sourceTree = "<group>";
		};
		4E94FEAF17EEA2040082BE7F /* PaymentKit */ = {
			isa = PBXGroup;
			children = (
				4E94FEB017EEA2040082BE7F /* PKAddressZip.h */,
				4E94FEB117EEA2040082BE7F /* PKAddressZip.m */,
				4E94FEB217EEA2040082BE7F /* PKCard.h */,
				4E94FEB317EEA2040082BE7F /* PKCard.m */,
				4E94FEB417EEA2040082BE7F /* PKCardCVC.h */,
				4E94FEB517EEA2040082BE7F /* PKCardCVC.m */,
				4E94FEB617EEA2040082BE7F /* PKCardExpiry.h */,
				4E94FEB717EEA2040082BE7F /* PKCardExpiry.m */,
				4E94FEB817EEA2040082BE7F /* PKCardNumber.h */,
				4E94FEB917EEA2040082BE7F /* PKCardNumber.m */,
				4E94FEBA17EEA2040082BE7F /* PKCardType.h */,
				4E94FEBB17EEA2040082BE7F /* PKTextField.h */,
				4E94FEBC17EEA2040082BE7F /* PKTextField.m */,
				4E94FEBD17EEA2040082BE7F /* PKUSAddressZip.h */,
				4E94FEBE17EEA2040082BE7F /* PKUSAddressZip.m */,
				4E94FEBF17EEA2040082BE7F /* PKView.h */,
				4E94FEC017EEA2040082BE7F /* PKView.m */,
				4E94FEC117EEA2040082BE7F /* Resources */,
			);
			path = PaymentKit;
			sourceTree = "<group>";
		};
		4E94FEC117EEA2040082BE7F /* Resources */ = {
			isa = PBXGroup;
			children = (
				4E94FEC217EEA2040082BE7F /* Cards */,
				4E94FED517EEA2040082BE7F /* gradient@2x.png */,
				4E94FED617EEA2040082BE7F /* textfield.png */,
				4E94FED717EEA2040082BE7F /* textfield@2x.png */,
			);
			path = Resources;
			sourceTree = "<group>";
		};
		4E94FEC217EEA2040082BE7F /* Cards */ = {
			isa = PBXGroup;
			children = (
				4E94FEC317EEA2040082BE7F /* amex.png */,
				4E94FEC417EEA2040082BE7F /* amex@2x.png */,
				4E94FEC517EEA2040082BE7F /* cvc-amex.png */,
				4E94FEC617EEA2040082BE7F /* cvc-amex@2x.png */,
				4E94FEC717EEA2040082BE7F /* cvc.png */,
				4E94FEC817EEA2040082BE7F /* cvc@2x.png */,
				4E94FEC917EEA2040082BE7F /* diners.png */,
				4E94FECA17EEA2040082BE7F /* diners@2x.png */,
				4E94FECB17EEA2040082BE7F /* discover.png */,
				4E94FECC17EEA2040082BE7F /* discover@2x.png */,
				4E94FECD17EEA2040082BE7F /* jcb.png */,
				4E94FECE17EEA2040082BE7F /* jcb@2x.png */,
				4E94FECF17EEA2040082BE7F /* mastercard.png */,
				4E94FED017EEA2040082BE7F /* mastercard@2x.png */,
				4E94FED117EEA2040082BE7F /* placeholder.png */,
				4E94FED217EEA2040082BE7F /* placeholder@2x.png */,
				4E94FED317EEA2040082BE7F /* visa.png */,
				4E94FED417EEA2040082BE7F /* visa@2x.png */,
			);
			path = Cards;
			sourceTree = "<group>";
		};
		4E94FF3E17EEB9680082BE7F /* img */ = {
			isa = PBXGroup;
			children = (
				4E9349BE180260A200809324 /* bg-purple-1.png */,
				4E9349B81802481800809324 /* button-1.png */,
				4E33331D17F621CF00588AB9 /* printer-feed-paper.png */,
				4EC26B5D17F5EA25007BCF38 /* icon */,
				4EC26B5A17F5E452007BCF38 /* purple.png */,
				4E33331C17F620F200588AB9 /* printer-feed-hole.png */,
				4EC26B6E17F6157A007BCF38 /* purple-2.png */,
				4E94FF3C17EEB95F0082BE7F /* ob-logo.png */,
				4EC26B3B17F5D819007BCF38 /* tabbarbg.png */,
			);
			name = img;
			sourceTree = "<group>";
		};
		4EC26B3F17F5D967007BCF38 /* view */ = {
			isa = PBXGroup;
			children = (
				4EC26B4017F5D973007BCF38 /* view-util */,
				4E33333417F78AB000588AB9 /* view-stubs */,
				4E33331B17F61FB300588AB9 /* controllers */,
				4EC26B4217F5DB09007BCF38 /* controller-stubs */,
				4E94FF3E17EEB9680082BE7F /* img */,
			);
			name = view;
			sourceTree = "<group>";
		};
		4EC26B4017F5D973007BCF38 /* view-util */ = {
			isa = PBXGroup;
			children = (
				4EC26B3D17F5D91D007BCF38 /* Colors.h */,
				4EC26B3E17F5D91D007BCF38 /* Colors.m */,
				4E33333117F7731C00588AB9 /* ViewUtil.h */,
				4E33333217F7731C00588AB9 /* ViewUtil.m */,
			);
			name = "view-util";
			sourceTree = "<group>";
		};
		4EC26B4217F5DB09007BCF38 /* controller-stubs */ = {
			isa = PBXGroup;
			children = (
				4EC26B4317F5DB25007BCF38 /* PrimaryViewController.h */,
				4EC26B4417F5DB25007BCF38 /* PrimaryViewController.m */,
				4EC26B4617F5DC76007BCF38 /* SecondaryViewController.h */,
				4EC26B4717F5DC76007BCF38 /* SecondaryViewController.m */,
				4E33332217F7071C00588AB9 /* TertiaryViewController.h */,
				4E33332317F7071C00588AB9 /* TertiaryViewController.m */,
			);
			name = "controller-stubs";
			sourceTree = "<group>";
		};
		4EC26B5D17F5EA25007BCF38 /* icon */ = {
			isa = PBXGroup;
			children = (
				4EC26B6217F5EB82007BCF38 /* search-icon.png */,
				4EC26B6317F5EB82007BCF38 /* search-icon@2x.png */,
				4E9349BA18024C4400809324 /* p-icon@2x.png */,
				4E9349BB18024C4400809324 /* p-icon.png */,
				4EC26B6617F5ECFA007BCF38 /* pay-icon.png */,
				4EC26B6717F5ECFA007BCF38 /* pay-icon@2x.png */,
				4EC26B6017F5EA48007BCF38 /* calculator.png */,
				4EC26B5E17F5EA2E007BCF38 /* search.png */,
			);
			name = icon;
			sourceTree = "<group>";
		};
		4EDA5BC217EF3AFD007A1777 /* ZBarSDK */ = {
			isa = PBXGroup;
			children = (
				4EDA5BC317EF3AFD007A1777 /* Headers */,
				4EDA5BDA17EF3AFD007A1777 /* libzbar.a */,
				4EDA5BDB17EF3AFD007A1777 /* Resources */,
			);
			path = ZBarSDK;
			sourceTree = "<group>";
		};
		4EDA5BC317EF3AFD007A1777 /* Headers */ = {
			isa = PBXGroup;
			children = (
				4EDA5BC417EF3AFD007A1777 /* ZBarSDK */,
			);
			path = Headers;
			sourceTree = "<group>";
		};
		4EDA5BC417EF3AFD007A1777 /* ZBarSDK */ = {
			isa = PBXGroup;
			children = (
				4EDA5BC517EF3AFD007A1777 /* zbar */,
				4EDA5BCF17EF3AFD007A1777 /* zbar.h */,
				4EDA5BD017EF3AFD007A1777 /* ZBarCameraSimulator.h */,
				4EDA5BD117EF3AFD007A1777 /* ZBarCaptureReader.h */,
				4EDA5BD217EF3AFD007A1777 /* ZBarHelpController.h */,
				4EDA5BD317EF3AFD007A1777 /* ZBarImage.h */,
				4EDA5BD417EF3AFD007A1777 /* ZBarImageScanner.h */,
				4EDA5BD517EF3AFD007A1777 /* ZBarReaderController.h */,
				4EDA5BD617EF3AFD007A1777 /* ZBarReaderView.h */,
				4EDA5BD717EF3AFD007A1777 /* ZBarReaderViewController.h */,
				4EDA5BD817EF3AFD007A1777 /* ZBarSDK.h */,
				4EDA5BD917EF3AFD007A1777 /* ZBarSymbol.h */,
			);
			path = ZBarSDK;
			sourceTree = "<group>";
		};
		4EDA5BC517EF3AFD007A1777 /* zbar */ = {
			isa = PBXGroup;
			children = (
				4EDA5BC617EF3AFD007A1777 /* Decoder.h */,
				4EDA5BC717EF3AFD007A1777 /* Exception.h */,
				4EDA5BC817EF3AFD007A1777 /* Image.h */,
				4EDA5BC917EF3AFD007A1777 /* ImageScanner.h */,
				4EDA5BCA17EF3AFD007A1777 /* Processor.h */,
				4EDA5BCB17EF3AFD007A1777 /* Scanner.h */,
				4EDA5BCC17EF3AFD007A1777 /* Symbol.h */,
				4EDA5BCD17EF3AFD007A1777 /* Video.h */,
				4EDA5BCE17EF3AFD007A1777 /* Window.h */,
			);
			path = zbar;
			sourceTree = "<group>";
		};
		4EDA5BDB17EF3AFD007A1777 /* Resources */ = {
			isa = PBXGroup;
			children = (
				4EDA5BDC17EF3AFD007A1777 /* zbar-back.png */,
				4EDA5BDD17EF3AFD007A1777 /* zbar-help.html */,
				4EDA5BDE17EF3AFD007A1777 /* zbar-helpicons.png */,
				4EDA5BDF17EF3AFD007A1777 /* zbar-samples.png */,
			);
			path = Resources;
			sourceTree = "<group>";
		};
/* End PBXGroup section */

/* Begin PBXNativeTarget section */
		4E94FE6317EEA1F80082BE7F /* purple.temp_caseinsensitive_rename */ = {
			isa = PBXNativeTarget;
			buildConfigurationList = 4E94FE9917EEA1F80082BE7F /* Build configuration list for PBXNativeTarget "purple.temp_caseinsensitive_rename" */;
			buildPhases = (
				4E94FE6017EEA1F80082BE7F /* Sources */,
				4E94FE6117EEA1F80082BE7F /* Frameworks */,
				4E94FE6217EEA1F80082BE7F /* Resources */,
			);
			buildRules = (
			);
			dependencies = (
			);
			name = purple.temp_caseinsensitive_rename;
			productName = OandB;
			productReference = 4E94FE6417EEA1F80082BE7F /* purple.app */;
			productType = "com.apple.product-type.application";
		};
		4E94FE8717EEA1F80082BE7F /* purple.temp_caseinsensitive_renameTests */ = {
			isa = PBXNativeTarget;
			buildConfigurationList = 4E94FE9C17EEA1F80082BE7F /* Build configuration list for PBXNativeTarget "purple.temp_caseinsensitive_renameTests" */;
			buildPhases = (
				4E94FE8417EEA1F80082BE7F /* Sources */,
				4E94FE8517EEA1F80082BE7F /* Frameworks */,
				4E94FE8617EEA1F80082BE7F /* Resources */,
			);
			buildRules = (
			);
			dependencies = (
				4E94FE8E17EEA1F80082BE7F /* PBXTargetDependency */,
			);
			name = purple.temp_caseinsensitive_renameTests;
			productName = OandBTests;
			productReference = 4E94FE8817EEA1F80082BE7F /* purple.temp_caseinsensitive_renameTests.xctest */;
			productType = "com.apple.product-type.bundle.unit-test";
		};
/* End PBXNativeTarget section */

/* Begin PBXProject section */
		4E94FE5C17EEA1F80082BE7F /* Project object */ = {
			isa = PBXProject;
			attributes = {
				LastUpgradeCheck = 0500;
				ORGANIZATIONNAME = "Marc Fiume";
				TargetAttributes = {
					4E94FE6317EEA1F80082BE7F = {
						DevelopmentTeam = M83J47SW35;
					};
					4E94FE8717EEA1F80082BE7F = {
						TestTargetID = 4E94FE6317EEA1F80082BE7F;
					};
				};
			};
			buildConfigurationList = 4E94FE5F17EEA1F80082BE7F /* Build configuration list for PBXProject "purple" */;
			compatibilityVersion = "Xcode 3.2";
			developmentRegion = English;
			hasScannedForEncodings = 0;
			knownRegions = (
				en,
				Base,
			);
			mainGroup = 4E94FE5B17EEA1F80082BE7F;
			productRefGroup = 4E94FE6517EEA1F80082BE7F /* Products */;
			projectDirPath = "";
			projectRoot = "";
			targets = (
				4E94FE6317EEA1F80082BE7F /* purple.temp_caseinsensitive_rename */,
				4E94FE8717EEA1F80082BE7F /* purple.temp_caseinsensitive_renameTests */,
			);
		};
/* End PBXProject section */

/* Begin PBXResourcesBuildPhase section */
		4E94FE6217EEA1F80082BE7F /* Resources */ = {
			isa = PBXResourcesBuildPhase;
			buildActionMask = 2147483647;
			files = (
				4E9349BF180260A200809324 /* bg-purple-1.png in Resources */,
				4E33331E17F6227B00588AB9 /* printer-feed-paper.png in Resources */,
				4E33331F17F6227B00588AB9 /* printer-feed-hole.png in Resources */,
				4EDA5BE217EF3AFD007A1777 /* zbar-help.html in Resources */,
				4E94FF1C17EEA2040082BE7F /* visa.png in Resources */,
				4EC26B5B17F5E452007BCF38 /* purple.png in Resources */,
				4E94FF1017EEA2040082BE7F /* cvc.png in Resources */,
				4E94FF3D17EEB95F0082BE7F /* ob-logo.png in Resources */,
				4E94FF1E17EEA2040082BE7F /* gradient@2x.png in Resources */,
				4E94FF0217EEA2040082BE7F /* .gitignore in Resources */,
				4EC26B3C17F5D819007BCF38 /* tabbarbg.png in Resources */,
				4EC26B6F17F6157A007BCF38 /* purple-2.png in Resources */,
				4EC26B6917F5ECFA007BCF38 /* pay-icon@2x.png in Resources */,
				4EDA5BE317EF3AFD007A1777 /* zbar-helpicons.png in Resources */,
				4E94FF1417EEA2040082BE7F /* discover.png in Resources */,
				4E94FF1217EEA2040082BE7F /* diners.png in Resources */,
				4E94FF3217EEA2040082BE7F /* PaymentKit.podspec in Resources */,
				4EC26B6417F5EB82007BCF38 /* search-icon.png in Resources */,
				4E9349B91802481800809324 /* button-1.png in Resources */,
				4E94FF1317EEA2040082BE7F /* diners@2x.png in Resources */,
				4E94FF0D17EEA2040082BE7F /* amex@2x.png in Resources */,
				4E94FE8317EEA1F80082BE7F /* Images.xcassets in Resources */,
				4E94FF0E17EEA2040082BE7F /* cvc-amex.png in Resources */,
				4EDA5BE417EF3AFD007A1777 /* zbar-samples.png in Resources */,
				4E94FF1F17EEA2040082BE7F /* textfield.png in Resources */,
				4E94FF1B17EEA2040082BE7F /* placeholder@2x.png in Resources */,
				4EC26B5F17F5EA2E007BCF38 /* search.png in Resources */,
				4E94FF0C17EEA2040082BE7F /* amex.png in Resources */,
				4E94FF1617EEA2040082BE7F /* jcb.png in Resources */,
				4E94FF2017EEA2040082BE7F /* textfield@2x.png in Resources */,
				4E94FF1117EEA2040082BE7F /* cvc@2x.png in Resources */,
				4E9349BC18024C4400809324 /* p-icon@2x.png in Resources */,
				4E94FF0F17EEA2040082BE7F /* cvc-amex@2x.png in Resources */,
				4EDA5BE117EF3AFD007A1777 /* zbar-back.png in Resources */,
				4E94FF1717EEA2040082BE7F /* jcb@2x.png in Resources */,
				4E94FF1A17EEA2040082BE7F /* placeholder.png in Resources */,
				4E9349BD18024C4400809324 /* p-icon.png in Resources */,
				4E94FF1D17EEA2040082BE7F /* visa@2x.png in Resources */,
				4EC26B6117F5EA48007BCF38 /* calculator.png in Resources */,
				4EC26B6817F5ECFA007BCF38 /* pay-icon.png in Resources */,
				4E94FF3317EEA2040082BE7F /* README.md in Resources */,
				4E94FF1517EEA2040082BE7F /* discover@2x.png in Resources */,
				4E94FE7217EEA1F80082BE7F /* InfoPlist.strings in Resources */,
				4E94FF1817EEA2040082BE7F /* mastercard.png in Resources */,
				4EC26B6517F5EB82007BCF38 /* search-icon@2x.png in Resources */,
				4E94FF1917EEA2040082BE7F /* mastercard@2x.png in Resources */,
				4E94FE7B17EEA1F80082BE7F /* Main.storyboard in Resources */,
				4E94FF0317EEA2040082BE7F /* LICENSE in Resources */,
			);
			runOnlyForDeploymentPostprocessing = 0;
		};
		4E94FE8617EEA1F80082BE7F /* Resources */ = {
			isa = PBXResourcesBuildPhase;
			buildActionMask = 2147483647;
			files = (
				4E94FE9417EEA1F80082BE7F /* InfoPlist.strings in Resources */,
			);
			runOnlyForDeploymentPostprocessing = 0;
		};
/* End PBXResourcesBuildPhase section */

/* Begin PBXSourcesBuildPhase section */
		4E94FE6017EEA1F80082BE7F /* Sources */ = {
			isa = PBXSourcesBuildPhase;
			buildActionMask = 2147483647;
			files = (
				4E65BFA017FA80A2006934D4 /* CreateAccountViewController.m in Sources */,
				4E1B2D9117FA7EEE007F6FC5 /* BorderedCell.m in Sources */,
				4E1B2D8E17FA7E30007F6FC5 /* BorderedView.m in Sources */,
				4E1B2D8817FA5719007F6FC5 /* PaymentController.m in Sources */,
				4E1B2D8517FA562E007F6FC5 /* OneTimeAddCardViewController.m in Sources */,
				4E1B2D8217FA4851007F6FC5 /* ChooseAccountViewController.m in Sources */,
				4EA9E31617F892EB0063B66C /* ProcessPaymentViewController.m in Sources */,
				4EA9E31317F883DC0063B66C /* RoundedTextView.m in Sources */,
				4EA9E31017F87E220063B66C /* ConfirmViewController.m in Sources */,
				4EA9E30D17F877E50063B66C /* Checkout.m in Sources */,
				4EA9E30A17F800BE0063B66C /* AddCardViewController.m in Sources */,
				4EACF2BC17F79A71003601C1 /* ChoosePaymentViewController.m in Sources */,
				4E59073317FD303B00E4260D /* CryptoUtils.m in Sources */,
				4EACF2B417F7977D003601C1 /* CardController.m in Sources */,
				4E33333717F78AE800588AB9 /* PrimaryUIButton.m in Sources */,
				4EC4A38417FB64FF006A9B00 /* NetUtils.m in Sources */,
				4E33333317F7735900588AB9 /* ViewUtil.m in Sources */,
				4E33332F17F7270F00588AB9 /* Bill.m in Sources */,
				4E59072C17FD056200E4260D /* ResponseAdapter.m in Sources */,
				4E59073617FDB25000E4260D /* SessionController.m in Sources */,
				4E33332517F707F500588AB9 /* BillViewController.m in Sources */,
				4E33332417F707EA00588AB9 /* TertiaryViewController.m in Sources */,
				4EC26B5C17F5E7CD007BCF38 /* PayLaunchViewController.m in Sources */,
				4EC26B4817F5DCA9007BCF38 /* SecondaryViewController.m in Sources */,
				4EC26B4517F5DB75007BCF38 /* PrimaryViewController.m in Sources */,
				4EC26B4117F5DA30007BCF38 /* Colors.m in Sources */,
				4E94FF0517EEA2040082BE7F /* PKCard.m in Sources */,
				4E94FF0B17EEA2040082BE7F /* PKView.m in Sources */,
				4E59073D17FDCB6200E4260D /* NSString+URLEncoding.m in Sources */,
				4E94FF0717EEA2040082BE7F /* PKCardExpiry.m in Sources */,
				4E94FEFD17EEA2040082BE7F /* STPCard.m in Sources */,
				4E94FF0017EEA2040082BE7F /* Stripe.m in Sources */,
				4E94FF0417EEA2040082BE7F /* PKAddressZip.m in Sources */,
				4E94FE7817EEA1F80082BE7F /* AppDelegate.m in Sources */,
				4E33333B17F7920C00588AB9 /* SecondaryUIButton.m in Sources */,
				4E94FF0A17EEA2040082BE7F /* PKUSAddressZip.m in Sources */,
				4E94FEFF17EEA2040082BE7F /* STPView.m in Sources */,
				4E94FF0917EEA2040082BE7F /* PKTextField.m in Sources */,
				4E59072917FD051F00E4260D /* AccountAdapter.m in Sources */,
				4E94FEFE17EEA2040082BE7F /* STPToken.m in Sources */,
				4E94FE7E17EEA1F80082BE7F /* FirstViewController.m in Sources */,
				4E94FF0117EEA2040082BE7F /* StripeError.m in Sources */,
				4E94FE7417EEA1F80082BE7F /* main.m in Sources */,
				4E94FF0617EEA2040082BE7F /* PKCardCVC.m in Sources */,
				4E59074017FE5F2400E4260D /* Card.m in Sources */,
				4E94FF0817EEA2040082BE7F /* PKCardNumber.m in Sources */,
			);
			runOnlyForDeploymentPostprocessing = 0;
		};
		4E94FE8417EEA1F80082BE7F /* Sources */ = {
			isa = PBXSourcesBuildPhase;
			buildActionMask = 2147483647;
			files = (
				4E94FE9617EEA1F80082BE7F /* OandBTests.m in Sources */,
			);
			runOnlyForDeploymentPostprocessing = 0;
		};
/* End PBXSourcesBuildPhase section */

/* Begin PBXTargetDependency section */
		4E94FE8E17EEA1F80082BE7F /* PBXTargetDependency */ = {
			isa = PBXTargetDependency;
			target = 4E94FE6317EEA1F80082BE7F /* purple.temp_caseinsensitive_rename */;
			targetProxy = 4E94FE8D17EEA1F80082BE7F /* PBXContainerItemProxy */;
		};
/* End PBXTargetDependency section */

/* Begin PBXVariantGroup section */
		4E94FE7017EEA1F80082BE7F /* InfoPlist.strings */ = {
			isa = PBXVariantGroup;
			children = (
				4E94FE7117EEA1F80082BE7F /* en */,
			);
			name = InfoPlist.strings;
			sourceTree = "<group>";
		};
		4E94FE7917EEA1F80082BE7F /* Main.storyboard */ = {
			isa = PBXVariantGroup;
			children = (
				4E94FE7A17EEA1F80082BE7F /* Base */,
			);
			name = Main.storyboard;
			sourceTree = "<group>";
		};
		4E94FE9217EEA1F80082BE7F /* InfoPlist.strings */ = {
			isa = PBXVariantGroup;
			children = (
				4E94FE9317EEA1F80082BE7F /* en */,
			);
			name = InfoPlist.strings;
			sourceTree = "<group>";
		};
/* End PBXVariantGroup section */

/* Begin XCBuildConfiguration section */
		4E94FE9717EEA1F80082BE7F /* Debug */ = {
			isa = XCBuildConfiguration;
			buildSettings = {
				ALWAYS_SEARCH_USER_PATHS = NO;
				CLANG_CXX_LANGUAGE_STANDARD = "gnu++0x";
				CLANG_CXX_LIBRARY = "libc++";
				CLANG_ENABLE_MODULES = YES;
				CLANG_ENABLE_OBJC_ARC = YES;
				CLANG_WARN_BOOL_CONVERSION = YES;
				CLANG_WARN_CONSTANT_CONVERSION = YES;
				CLANG_WARN_DIRECT_OBJC_ISA_USAGE = YES_ERROR;
				CLANG_WARN_EMPTY_BODY = YES;
				CLANG_WARN_ENUM_CONVERSION = YES;
				CLANG_WARN_INT_CONVERSION = YES;
				CLANG_WARN_OBJC_ROOT_CLASS = YES_ERROR;
				CLANG_WARN__DUPLICATE_METHOD_MATCH = YES;
				"CODE_SIGN_IDENTITY[sdk=iphoneos*]" = "iPhone Developer";
				COPY_PHASE_STRIP = NO;
				GCC_C_LANGUAGE_STANDARD = gnu99;
				GCC_DYNAMIC_NO_PIC = NO;
				GCC_OPTIMIZATION_LEVEL = 0;
				GCC_PREPROCESSOR_DEFINITIONS = (
					"DEBUG=1",
					"$(inherited)",
				);
				GCC_SYMBOLS_PRIVATE_EXTERN = NO;
				GCC_WARN_ABOUT_RETURN_TYPE = YES_ERROR;
				GCC_WARN_UNDECLARED_SELECTOR = YES;
				GCC_WARN_UNINITIALIZED_AUTOS = YES;
				GCC_WARN_UNUSED_FUNCTION = YES;
				GCC_WARN_UNUSED_VARIABLE = YES;
				IPHONEOS_DEPLOYMENT_TARGET = 7.0;
				ONLY_ACTIVE_ARCH = YES;
				SDKROOT = iphoneos;
			};
			name = Debug;
		};
		4E94FE9817EEA1F80082BE7F /* Release */ = {
			isa = XCBuildConfiguration;
			buildSettings = {
				ALWAYS_SEARCH_USER_PATHS = NO;
				CLANG_CXX_LANGUAGE_STANDARD = "gnu++0x";
				CLANG_CXX_LIBRARY = "libc++";
				CLANG_ENABLE_MODULES = YES;
				CLANG_ENABLE_OBJC_ARC = YES;
				CLANG_WARN_BOOL_CONVERSION = YES;
				CLANG_WARN_CONSTANT_CONVERSION = YES;
				CLANG_WARN_DIRECT_OBJC_ISA_USAGE = YES_ERROR;
				CLANG_WARN_EMPTY_BODY = YES;
				CLANG_WARN_ENUM_CONVERSION = YES;
				CLANG_WARN_INT_CONVERSION = YES;
				CLANG_WARN_OBJC_ROOT_CLASS = YES_ERROR;
				CLANG_WARN__DUPLICATE_METHOD_MATCH = YES;
				"CODE_SIGN_IDENTITY[sdk=iphoneos*]" = "iPhone Developer";
				COPY_PHASE_STRIP = YES;
				ENABLE_NS_ASSERTIONS = NO;
				GCC_C_LANGUAGE_STANDARD = gnu99;
				GCC_WARN_ABOUT_RETURN_TYPE = YES_ERROR;
				GCC_WARN_UNDECLARED_SELECTOR = YES;
				GCC_WARN_UNINITIALIZED_AUTOS = YES;
				GCC_WARN_UNUSED_FUNCTION = YES;
				GCC_WARN_UNUSED_VARIABLE = YES;
				IPHONEOS_DEPLOYMENT_TARGET = 7.0;
				SDKROOT = iphoneos;
				VALIDATE_PRODUCT = YES;
			};
			name = Release;
		};
		4E94FE9A17EEA1F80082BE7F /* Debug */ = {
			isa = XCBuildConfiguration;
			buildSettings = {
				ASSETCATALOG_COMPILER_APPICON_NAME = AppIcon;
				ASSETCATALOG_COMPILER_LAUNCHIMAGE_NAME = LaunchImage;
				CODE_SIGN_IDENTITY = "iPhone Developer";
				GCC_PRECOMPILE_PREFIX_HEADER = YES;
				GCC_PREFIX_HEADER = "OandB/purple.temp_caseinsensitive_rename-Prefix.pch";
				INFOPLIST_FILE = "$(SRCROOT)/OandB/purple-Info.plist";
				LIBRARY_SEARCH_PATHS = (
					"$(inherited)",
					"$(SRCROOT)/OandB/ZBarSDK",
				);
				PRODUCT_NAME = purple;
				WRAPPER_EXTENSION = app;
			};
			name = Debug;
		};
		4E94FE9B17EEA1F80082BE7F /* Release */ = {
			isa = XCBuildConfiguration;
			buildSettings = {
				ASSETCATALOG_COMPILER_APPICON_NAME = AppIcon;
				ASSETCATALOG_COMPILER_LAUNCHIMAGE_NAME = LaunchImage;
				CODE_SIGN_IDENTITY = "iPhone Developer";
				GCC_PRECOMPILE_PREFIX_HEADER = YES;
				GCC_PREFIX_HEADER = "OandB/purple.temp_caseinsensitive_rename-Prefix.pch";
				INFOPLIST_FILE = "$(SRCROOT)/OandB/purple-Info.plist";
				LIBRARY_SEARCH_PATHS = (
					"$(inherited)",
					"$(SRCROOT)/OandB/ZBarSDK",
				);
				PRODUCT_NAME = purple;
				WRAPPER_EXTENSION = app;
			};
			name = Release;
		};
		4E94FE9D17EEA1F80082BE7F /* Debug */ = {
			isa = XCBuildConfiguration;
			buildSettings = {
				BUNDLE_LOADER = "$(BUILT_PRODUCTS_DIR)/OandB.app/OandB";
				FRAMEWORK_SEARCH_PATHS = (
					"$(SDKROOT)/Developer/Library/Frameworks",
					"$(inherited)",
					"$(SYSTEM_APPS_DIR)/Xcode5-DP3.app/Contents/Developer/Library/Frameworks",
				);
				GCC_PRECOMPILE_PREFIX_HEADER = YES;
				GCC_PREFIX_HEADER = "OandB/OandB-Prefix.pch";
				GCC_PREPROCESSOR_DEFINITIONS = (
					"DEBUG=1",
					"$(inherited)",
				);
				INFOPLIST_FILE = "OandBTests/purple.temp_caseinsensitive_renameTests-Info.plist";
				PRODUCT_NAME = purple.temp_caseinsensitive_renameTests;
				TEST_HOST = "$(BUNDLE_LOADER)";
				WRAPPER_EXTENSION = xctest;
			};
			name = Debug;
		};
		4E94FE9E17EEA1F80082BE7F /* Release */ = {
			isa = XCBuildConfiguration;
			buildSettings = {
				BUNDLE_LOADER = "$(BUILT_PRODUCTS_DIR)/OandB.app/OandB";
				FRAMEWORK_SEARCH_PATHS = (
					"$(SDKROOT)/Developer/Library/Frameworks",
					"$(inherited)",
					"$(SYSTEM_APPS_DIR)/Xcode5-DP3.app/Contents/Developer/Library/Frameworks",
				);
				GCC_PRECOMPILE_PREFIX_HEADER = YES;
				GCC_PREFIX_HEADER = "OandB/OandB-Prefix.pch";
				INFOPLIST_FILE = "OandBTests/purple.temp_caseinsensitive_renameTests-Info.plist";
				PRODUCT_NAME = purple.temp_caseinsensitive_renameTests;
				TEST_HOST = "$(BUNDLE_LOADER)";
				WRAPPER_EXTENSION = xctest;
			};
			name = Release;
		};
/* End XCBuildConfiguration section */

/* Begin XCConfigurationList section */
		4E94FE5F17EEA1F80082BE7F /* Build configuration list for PBXProject "purple" */ = {
			isa = XCConfigurationList;
			buildConfigurations = (
				4E94FE9717EEA1F80082BE7F /* Debug */,
				4E94FE9817EEA1F80082BE7F /* Release */,
			);
			defaultConfigurationIsVisible = 0;
			defaultConfigurationName = Release;
		};
		4E94FE9917EEA1F80082BE7F /* Build configuration list for PBXNativeTarget "purple.temp_caseinsensitive_rename" */ = {
			isa = XCConfigurationList;
			buildConfigurations = (
				4E94FE9A17EEA1F80082BE7F /* Debug */,
				4E94FE9B17EEA1F80082BE7F /* Release */,
			);
			defaultConfigurationIsVisible = 0;
			defaultConfigurationName = Release;
		};
		4E94FE9C17EEA1F80082BE7F /* Build configuration list for PBXNativeTarget "purple.temp_caseinsensitive_renameTests" */ = {
			isa = XCConfigurationList;
			buildConfigurations = (
				4E94FE9D17EEA1F80082BE7F /* Debug */,
				4E94FE9E17EEA1F80082BE7F /* Release */,
			);
			defaultConfigurationIsVisible = 0;
			defaultConfigurationName = Release;
		};
/* End XCConfigurationList section */
	};
	rootObject = 4E94FE5C17EEA1F80082BE7F /* Project object */;
}
